// !$*UTF8*$!
{
	archiveVersion = 1;
	classes = {
	};
	objectVersion = 46;
	objects = {

/* Begin PBXBuildFile section */
		633160671F7C9C1000892C3F /* ATStartViewController.m in Sources */ = {isa = PBXBuildFile; fileRef = 633160631F7C9C1000892C3F /* ATStartViewController.m */; };
		6347266D1F7640D500E1F9C8 /* UIButton+ImageTitleSpacing.m in Sources */ = {isa = PBXBuildFile; fileRef = 6347266C1F7640D500E1F9C8 /* UIButton+ImageTitleSpacing.m */; };
		635D23812080A86500FF4BD1 /* ATAudioHostController.m in Sources */ = {isa = PBXBuildFile; fileRef = 635D23802080A86500FF4BD1 /* ATAudioHostController.m */; };
		635D23842080A87600FF4BD1 /* ATAudioAudienceController.m in Sources */ = {isa = PBXBuildFile; fileRef = 635D23832080A87600FF4BD1 /* ATAudioAudienceController.m */; };
		635EF11B20807DA1007C307E /* ATMenuViewController.m in Sources */ = {isa = PBXBuildFile; fileRef = 635EF11A20807DA1007C307E /* ATMenuViewController.m */; };
		635EF11E2080A025007C307E /* ATHallModel.m in Sources */ = {isa = PBXBuildFile; fileRef = 635EF11D2080A025007C307E /* ATHallModel.m */; };
		63642AF4207DAEA700E17DD4 /* Main.storyboard in Resources */ = {isa = PBXBuildFile; fileRef = 63642AF3207DAEA700E17DD4 /* Main.storyboard */; };
		63642AF7207DB4FE00E17DD4 /* ATMainViewController.m in Sources */ = {isa = PBXBuildFile; fileRef = 63642AF6207DB4FE00E17DD4 /* ATMainViewController.m */; };
		637022602086EDFE00BE9E10 /* ATBarragesView.m in Sources */ = {isa = PBXBuildFile; fileRef = 6370225F2086EDFE00BE9E10 /* ATBarragesView.m */; };
		63718610207DBB7900415647 /* ATHallViewController.m in Sources */ = {isa = PBXBuildFile; fileRef = 6371860F207DBB7900415647 /* ATHallViewController.m */; };
		63718621207DEAD400415647 /* ATBarrageViewController.m in Sources */ = {isa = PBXBuildFile; fileRef = 63718620207DEAD400415647 /* ATBarrageViewController.m */; };
		63718627207DEB3D00415647 /* ATVideoHostController.m in Sources */ = {isa = PBXBuildFile; fileRef = 63718626207DEB3D00415647 /* ATVideoHostController.m */; };
		6371862B207DFE4D00415647 /* UIViewController+Common.m in Sources */ = {isa = PBXBuildFile; fileRef = 6371862A207DFE4D00415647 /* UIViewController+Common.m */; };
		6371862F207E129000415647 /* ATVideoView.m in Sources */ = {isa = PBXBuildFile; fileRef = 6371862E207E129000415647 /* ATVideoView.m */; };
		63718633207E12A800415647 /* ATVideoView.xib in Resources */ = {isa = PBXBuildFile; fileRef = 63718632207E12A800415647 /* ATVideoView.xib */; };
		63718639207E145800415647 /* ATVideoAudienceController.m in Sources */ = {isa = PBXBuildFile; fileRef = 63718638207E145800415647 /* ATVideoAudienceController.m */; };
		6371863C207E16BE00415647 /* ATAudioView.m in Sources */ = {isa = PBXBuildFile; fileRef = 6371863B207E16BE00415647 /* ATAudioView.m */; };
		6371863E207E16C700415647 /* ATAudioView.xib in Resources */ = {isa = PBXBuildFile; fileRef = 6371863D207E16C700415647 /* ATAudioView.xib */; };
		6377286A2046409D008A12B7 /* NetWorkTools.m in Sources */ = {isa = PBXBuildFile; fileRef = 637728682046409D008A12B7 /* NetWorkTools.m */; };
		6377D0E7207EF7BC00E5DD37 /* ATRealTimeMicController.m in Sources */ = {isa = PBXBuildFile; fileRef = 6377D0E6207EF7BC00E5DD37 /* ATRealTimeMicController.m */; };
		6377D0EA207EF81A00E5DD37 /* ATRealMicModel.m in Sources */ = {isa = PBXBuildFile; fileRef = 6377D0E9207EF81A00E5DD37 /* ATRealMicModel.m */; };
		6377D0ED207EF84000E5DD37 /* ATRealMicCell.m in Sources */ = {isa = PBXBuildFile; fileRef = 6377D0EC207EF84000E5DD37 /* ATRealMicCell.m */; };
		639E91961F6FB22D0037D9B9 /* main.m in Sources */ = {isa = PBXBuildFile; fileRef = 639E91951F6FB22D0037D9B9 /* main.m */; };
		639E91991F6FB22D0037D9B9 /* AppDelegate.m in Sources */ = {isa = PBXBuildFile; fileRef = 639E91981F6FB22D0037D9B9 /* AppDelegate.m */; };
		639E91A11F6FB22D0037D9B9 /* Assets.xcassets in Resources */ = {isa = PBXBuildFile; fileRef = 639E91A01F6FB22D0037D9B9 /* Assets.xcassets */; };
		639E91AF1F6FB22E0037D9B9 /* RTMPCDemoTests.m in Sources */ = {isa = PBXBuildFile; fileRef = 639E91AE1F6FB22E0037D9B9 /* RTMPCDemoTests.m */; };
		639E91BA1F6FB22E0037D9B9 /* RTMPCDemoUITests.m in Sources */ = {isa = PBXBuildFile; fileRef = 639E91B91F6FB22E0037D9B9 /* RTMPCDemoUITests.m */; };
		63A43FB6208453C500DF7447 /* ATAudioButton.m in Sources */ = {isa = PBXBuildFile; fileRef = 63A43FB5208453C500DF7447 /* ATAudioButton.m */; };
		63A43FBC2084B0F300DF7447 /* ATLivingEndController.m in Sources */ = {isa = PBXBuildFile; fileRef = 63A43FBB2084B0F300DF7447 /* ATLivingEndController.m */; };
		63BF3D9E1F7E1F1600E6ADD0 /* ATListViewController.m in Sources */ = {isa = PBXBuildFile; fileRef = 63BF3D9C1F7E1F1600E6ADD0 /* ATListViewController.m */; };
		63BF3DA21F7E250D00E6ADD0 /* ATListModel.m in Sources */ = {isa = PBXBuildFile; fileRef = 63BF3DA11F7E250D00E6ADD0 /* ATListModel.m */; };
		63BF3DA41F7E579D00E6ADD0 /* Images.xcassets in Resources */ = {isa = PBXBuildFile; fileRef = 63BF3DA31F7E579D00E6ADD0 /* Images.xcassets */; };
		63E5F0F31F729B0600F6701B /* ATCommon.m in Sources */ = {isa = PBXBuildFile; fileRef = 63E5F0F01F729B0600F6701B /* ATCommon.m */; };
		E28042CDCE751D4F73E085FB /* libPods-RTMPCDemo.a in Frameworks */ = {isa = PBXBuildFile; fileRef = 937F0AA93797C4A9577D1C1E /* libPods-RTMPCDemo.a */; };
/* End PBXBuildFile section */

/* Begin PBXContainerItemProxy section */
		639E91AB1F6FB22E0037D9B9 /* PBXContainerItemProxy */ = {
			isa = PBXContainerItemProxy;
			containerPortal = 639E91891F6FB22D0037D9B9 /* Project object */;
			proxyType = 1;
			remoteGlobalIDString = 639E91901F6FB22D0037D9B9;
			remoteInfo = RTMPCDemo;
		};
		639E91B61F6FB22E0037D9B9 /* PBXContainerItemProxy */ = {
			isa = PBXContainerItemProxy;
			containerPortal = 639E91891F6FB22D0037D9B9 /* Project object */;
			proxyType = 1;
			remoteGlobalIDString = 639E91901F6FB22D0037D9B9;
			remoteInfo = RTMPCDemo;
		};
/* End PBXContainerItemProxy section */

/* Begin PBXCopyFilesBuildPhase section */
		639E91D21F6FB2B90037D9B9 /* Embed Frameworks */ = {
			isa = PBXCopyFilesBuildPhase;
			buildActionMask = 2147483647;
			dstPath = "";
			dstSubfolderSpec = 10;
			files = (
			);
			name = "Embed Frameworks";
			runOnlyForDeploymentPostprocessing = 0;
		};
/* End PBXCopyFilesBuildPhase section */

/* Begin PBXFileReference section */
		2D9FAFEB8A199990D14B5FC2 /* Pods-RTMPCDemo.release.xcconfig */ = {isa = PBXFileReference; includeInIndex = 1; lastKnownFileType = text.xcconfig; name = "Pods-RTMPCDemo.release.xcconfig"; path = "Pods/Target Support Files/Pods-RTMPCDemo/Pods-RTMPCDemo.release.xcconfig"; sourceTree = "<group>"; };
		633160621F7C9C1000892C3F /* ATStartViewController.h */ = {isa = PBXFileReference; fileEncoding = 4; lastKnownFileType = sourcecode.c.h; path = ATStartViewController.h; sourceTree = "<group>"; };
		633160631F7C9C1000892C3F /* ATStartViewController.m */ = {isa = PBXFileReference; fileEncoding = 4; lastKnownFileType = sourcecode.c.objc; path = ATStartViewController.m; sourceTree = "<group>"; };
		6347266B1F7640D500E1F9C8 /* UIButton+ImageTitleSpacing.h */ = {isa = PBXFileReference; fileEncoding = 4; lastKnownFileType = sourcecode.c.h; path = "UIButton+ImageTitleSpacing.h"; sourceTree = "<group>"; };
		6347266C1F7640D500E1F9C8 /* UIButton+ImageTitleSpacing.m */ = {isa = PBXFileReference; fileEncoding = 4; lastKnownFileType = sourcecode.c.objc; path = "UIButton+ImageTitleSpacing.m"; sourceTree = "<group>"; };
		635D237F2080A86500FF4BD1 /* ATAudioHostController.h */ = {isa = PBXFileReference; lastKnownFileType = sourcecode.c.h; path = ATAudioHostController.h; sourceTree = "<group>"; };
		635D23802080A86500FF4BD1 /* ATAudioHostController.m */ = {isa = PBXFileReference; lastKnownFileType = sourcecode.c.objc; path = ATAudioHostController.m; sourceTree = "<group>"; };
		635D23822080A87600FF4BD1 /* ATAudioAudienceController.h */ = {isa = PBXFileReference; lastKnownFileType = sourcecode.c.h; path = ATAudioAudienceController.h; sourceTree = "<group>"; };
		635D23832080A87600FF4BD1 /* ATAudioAudienceController.m */ = {isa = PBXFileReference; lastKnownFileType = sourcecode.c.objc; path = ATAudioAudienceController.m; sourceTree = "<group>"; };
		635EF11920807DA1007C307E /* ATMenuViewController.h */ = {isa = PBXFileReference; lastKnownFileType = sourcecode.c.h; path = ATMenuViewController.h; sourceTree = "<group>"; };
		635EF11A20807DA1007C307E /* ATMenuViewController.m */ = {isa = PBXFileReference; lastKnownFileType = sourcecode.c.objc; path = ATMenuViewController.m; sourceTree = "<group>"; };
		635EF11C2080A025007C307E /* ATHallModel.h */ = {isa = PBXFileReference; lastKnownFileType = sourcecode.c.h; path = ATHallModel.h; sourceTree = "<group>"; };
		635EF11D2080A025007C307E /* ATHallModel.m */ = {isa = PBXFileReference; lastKnownFileType = sourcecode.c.objc; path = ATHallModel.m; sourceTree = "<group>"; };
		63642AF3207DAEA700E17DD4 /* Main.storyboard */ = {isa = PBXFileReference; fileEncoding = 4; lastKnownFileType = file.storyboard; path = Main.storyboard; sourceTree = "<group>"; };
		63642AF5207DB4FE00E17DD4 /* ATMainViewController.h */ = {isa = PBXFileReference; lastKnownFileType = sourcecode.c.h; path = ATMainViewController.h; sourceTree = "<group>"; };
		63642AF6207DB4FE00E17DD4 /* ATMainViewController.m */ = {isa = PBXFileReference; lastKnownFileType = sourcecode.c.objc; path = ATMainViewController.m; sourceTree = "<group>"; };
		6370225E2086EDFE00BE9E10 /* ATBarragesView.h */ = {isa = PBXFileReference; lastKnownFileType = sourcecode.c.h; path = ATBarragesView.h; sourceTree = "<group>"; };
		6370225F2086EDFE00BE9E10 /* ATBarragesView.m */ = {isa = PBXFileReference; lastKnownFileType = sourcecode.c.objc; path = ATBarragesView.m; sourceTree = "<group>"; };
		6371860E207DBB7900415647 /* ATHallViewController.h */ = {isa = PBXFileReference; lastKnownFileType = sourcecode.c.h; path = ATHallViewController.h; sourceTree = "<group>"; };
		6371860F207DBB7900415647 /* ATHallViewController.m */ = {isa = PBXFileReference; lastKnownFileType = sourcecode.c.objc; path = ATHallViewController.m; sourceTree = "<group>"; };
		6371861F207DEAD400415647 /* ATBarrageViewController.h */ = {isa = PBXFileReference; lastKnownFileType = sourcecode.c.h; path = ATBarrageViewController.h; sourceTree = "<group>"; };
		63718620207DEAD400415647 /* ATBarrageViewController.m */ = {isa = PBXFileReference; lastKnownFileType = sourcecode.c.objc; path = ATBarrageViewController.m; sourceTree = "<group>"; };
		63718625207DEB3D00415647 /* ATVideoHostController.h */ = {isa = PBXFileReference; lastKnownFileType = sourcecode.c.h; path = ATVideoHostController.h; sourceTree = "<group>"; };
		63718626207DEB3D00415647 /* ATVideoHostController.m */ = {isa = PBXFileReference; lastKnownFileType = sourcecode.c.objc; path = ATVideoHostController.m; sourceTree = "<group>"; };
		63718629207DFE4D00415647 /* UIViewController+Common.h */ = {isa = PBXFileReference; lastKnownFileType = sourcecode.c.h; path = "UIViewController+Common.h"; sourceTree = "<group>"; };
		6371862A207DFE4D00415647 /* UIViewController+Common.m */ = {isa = PBXFileReference; lastKnownFileType = sourcecode.c.objc; path = "UIViewController+Common.m"; sourceTree = "<group>"; };
		6371862D207E129000415647 /* ATVideoView.h */ = {isa = PBXFileReference; lastKnownFileType = sourcecode.c.h; path = ATVideoView.h; sourceTree = "<group>"; };
		6371862E207E129000415647 /* ATVideoView.m */ = {isa = PBXFileReference; lastKnownFileType = sourcecode.c.objc; path = ATVideoView.m; sourceTree = "<group>"; };
		63718632207E12A800415647 /* ATVideoView.xib */ = {isa = PBXFileReference; lastKnownFileType = file.xib; path = ATVideoView.xib; sourceTree = "<group>"; };
		63718637207E145800415647 /* ATVideoAudienceController.h */ = {isa = PBXFileReference; lastKnownFileType = sourcecode.c.h; path = ATVideoAudienceController.h; sourceTree = "<group>"; };
		63718638207E145800415647 /* ATVideoAudienceController.m */ = {isa = PBXFileReference; lastKnownFileType = sourcecode.c.objc; path = ATVideoAudienceController.m; sourceTree = "<group>"; };
		6371863A207E16BE00415647 /* ATAudioView.h */ = {isa = PBXFileReference; lastKnownFileType = sourcecode.c.h; path = ATAudioView.h; sourceTree = "<group>"; };
		6371863B207E16BE00415647 /* ATAudioView.m */ = {isa = PBXFileReference; lastKnownFileType = sourcecode.c.objc; path = ATAudioView.m; sourceTree = "<group>"; };
		6371863D207E16C700415647 /* ATAudioView.xib */ = {isa = PBXFileReference; lastKnownFileType = file.xib; path = ATAudioView.xib; sourceTree = "<group>"; };
		637728682046409D008A12B7 /* NetWorkTools.m */ = {isa = PBXFileReference; fileEncoding = 4; lastKnownFileType = sourcecode.c.objc; path = NetWorkTools.m; sourceTree = "<group>"; };
		637728692046409D008A12B7 /* NetWorkTools.h */ = {isa = PBXFileReference; fileEncoding = 4; lastKnownFileType = sourcecode.c.h; path = NetWorkTools.h; sourceTree = "<group>"; };
		6377D0E5207EF7BC00E5DD37 /* ATRealTimeMicController.h */ = {isa = PBXFileReference; lastKnownFileType = sourcecode.c.h; path = ATRealTimeMicController.h; sourceTree = "<group>"; };
		6377D0E6207EF7BC00E5DD37 /* ATRealTimeMicController.m */ = {isa = PBXFileReference; lastKnownFileType = sourcecode.c.objc; path = ATRealTimeMicController.m; sourceTree = "<group>"; };
		6377D0E8207EF81A00E5DD37 /* ATRealMicModel.h */ = {isa = PBXFileReference; lastKnownFileType = sourcecode.c.h; path = ATRealMicModel.h; sourceTree = "<group>"; };
		6377D0E9207EF81A00E5DD37 /* ATRealMicModel.m */ = {isa = PBXFileReference; lastKnownFileType = sourcecode.c.objc; path = ATRealMicModel.m; sourceTree = "<group>"; };
		6377D0EB207EF84000E5DD37 /* ATRealMicCell.h */ = {isa = PBXFileReference; lastKnownFileType = sourcecode.c.h; path = ATRealMicCell.h; sourceTree = "<group>"; };
		6377D0EC207EF84000E5DD37 /* ATRealMicCell.m */ = {isa = PBXFileReference; lastKnownFileType = sourcecode.c.objc; path = ATRealMicCell.m; sourceTree = "<group>"; };
		639E91911F6FB22D0037D9B9 /* RTMPCDemo.app */ = {isa = PBXFileReference; explicitFileType = wrapper.application; includeInIndex = 0; path = RTMPCDemo.app; sourceTree = BUILT_PRODUCTS_DIR; };
		639E91951F6FB22D0037D9B9 /* main.m */ = {isa = PBXFileReference; lastKnownFileType = sourcecode.c.objc; path = main.m; sourceTree = "<group>"; };
		639E91971F6FB22D0037D9B9 /* AppDelegate.h */ = {isa = PBXFileReference; lastKnownFileType = sourcecode.c.h; path = AppDelegate.h; sourceTree = "<group>"; };
		639E91981F6FB22D0037D9B9 /* AppDelegate.m */ = {isa = PBXFileReference; lastKnownFileType = sourcecode.c.objc; path = AppDelegate.m; sourceTree = "<group>"; };
		639E91A01F6FB22D0037D9B9 /* Assets.xcassets */ = {isa = PBXFileReference; lastKnownFileType = folder.assetcatalog; path = Assets.xcassets; sourceTree = "<group>"; };
		639E91A51F6FB22D0037D9B9 /* Info.plist */ = {isa = PBXFileReference; lastKnownFileType = text.plist.xml; path = Info.plist; sourceTree = "<group>"; };
		639E91AA1F6FB22E0037D9B9 /* RTMPCDemoTests.xctest */ = {isa = PBXFileReference; explicitFileType = wrapper.cfbundle; includeInIndex = 0; path = RTMPCDemoTests.xctest; sourceTree = BUILT_PRODUCTS_DIR; };
		639E91AE1F6FB22E0037D9B9 /* RTMPCDemoTests.m */ = {isa = PBXFileReference; lastKnownFileType = sourcecode.c.objc; path = RTMPCDemoTests.m; sourceTree = "<group>"; };
		639E91B01F6FB22E0037D9B9 /* Info.plist */ = {isa = PBXFileReference; lastKnownFileType = text.plist.xml; path = Info.plist; sourceTree = "<group>"; };
		639E91B51F6FB22E0037D9B9 /* RTMPCDemoUITests.xctest */ = {isa = PBXFileReference; explicitFileType = wrapper.cfbundle; includeInIndex = 0; path = RTMPCDemoUITests.xctest; sourceTree = BUILT_PRODUCTS_DIR; };
		639E91B91F6FB22E0037D9B9 /* RTMPCDemoUITests.m */ = {isa = PBXFileReference; lastKnownFileType = sourcecode.c.objc; path = RTMPCDemoUITests.m; sourceTree = "<group>"; };
		639E91BB1F6FB22E0037D9B9 /* Info.plist */ = {isa = PBXFileReference; lastKnownFileType = text.plist.xml; path = Info.plist; sourceTree = "<group>"; };
		63A43FB4208453C500DF7447 /* ATAudioButton.h */ = {isa = PBXFileReference; lastKnownFileType = sourcecode.c.h; path = ATAudioButton.h; sourceTree = "<group>"; };
		63A43FB5208453C500DF7447 /* ATAudioButton.m */ = {isa = PBXFileReference; lastKnownFileType = sourcecode.c.objc; path = ATAudioButton.m; sourceTree = "<group>"; };
		63A43FBA2084B0F300DF7447 /* ATLivingEndController.h */ = {isa = PBXFileReference; lastKnownFileType = sourcecode.c.h; path = ATLivingEndController.h; sourceTree = "<group>"; };
		63A43FBB2084B0F300DF7447 /* ATLivingEndController.m */ = {isa = PBXFileReference; lastKnownFileType = sourcecode.c.objc; path = ATLivingEndController.m; sourceTree = "<group>"; };
		63BF3D9B1F7E1F1600E6ADD0 /* ATListViewController.h */ = {isa = PBXFileReference; fileEncoding = 4; lastKnownFileType = sourcecode.c.h; path = ATListViewController.h; sourceTree = "<group>"; };
		63BF3D9C1F7E1F1600E6ADD0 /* ATListViewController.m */ = {isa = PBXFileReference; fileEncoding = 4; lastKnownFileType = sourcecode.c.objc; path = ATListViewController.m; sourceTree = "<group>"; };
		63BF3DA01F7E250D00E6ADD0 /* ATListModel.h */ = {isa = PBXFileReference; fileEncoding = 4; lastKnownFileType = sourcecode.c.h; path = ATListModel.h; sourceTree = "<group>"; };
		63BF3DA11F7E250D00E6ADD0 /* ATListModel.m */ = {isa = PBXFileReference; fileEncoding = 4; lastKnownFileType = sourcecode.c.objc; path = ATListModel.m; sourceTree = "<group>"; };
		63BF3DA31F7E579D00E6ADD0 /* Images.xcassets */ = {isa = PBXFileReference; lastKnownFileType = folder.assetcatalog; path = Images.xcassets; sourceTree = "<group>"; };
		63E5F0ED1F72983100F6701B /* RTMPCDemo.pch */ = {isa = PBXFileReference; lastKnownFileType = sourcecode.c.h; path = RTMPCDemo.pch; sourceTree = "<group>"; };
		63E5F0EF1F729B0600F6701B /* ATCommon.h */ = {isa = PBXFileReference; fileEncoding = 4; lastKnownFileType = sourcecode.c.h; path = ATCommon.h; sourceTree = "<group>"; };
		63E5F0F01F729B0600F6701B /* ATCommon.m */ = {isa = PBXFileReference; fileEncoding = 4; lastKnownFileType = sourcecode.c.objc; path = ATCommon.m; sourceTree = "<group>"; };
		937F0AA93797C4A9577D1C1E /* libPods-RTMPCDemo.a */ = {isa = PBXFileReference; explicitFileType = archive.ar; includeInIndex = 0; path = "libPods-RTMPCDemo.a"; sourceTree = BUILT_PRODUCTS_DIR; };
		B5A8E239CBD25F15ACB745BC /* Pods-RTMPCDemo.debug.xcconfig */ = {isa = PBXFileReference; includeInIndex = 1; lastKnownFileType = text.xcconfig; name = "Pods-RTMPCDemo.debug.xcconfig"; path = "Pods/Target Support Files/Pods-RTMPCDemo/Pods-RTMPCDemo.debug.xcconfig"; sourceTree = "<group>"; };
/* End PBXFileReference section */

/* Begin PBXFrameworksBuildPhase section */
		639E918E1F6FB22D0037D9B9 /* Frameworks */ = {
			isa = PBXFrameworksBuildPhase;
			buildActionMask = 2147483647;
			files = (
				E28042CDCE751D4F73E085FB /* libPods-RTMPCDemo.a in Frameworks */,
			);
			runOnlyForDeploymentPostprocessing = 0;
		};
		639E91A71F6FB22E0037D9B9 /* Frameworks */ = {
			isa = PBXFrameworksBuildPhase;
			buildActionMask = 2147483647;
			files = (
			);
			runOnlyForDeploymentPostprocessing = 0;
		};
		639E91B21F6FB22E0037D9B9 /* Frameworks */ = {
			isa = PBXFrameworksBuildPhase;
			buildActionMask = 2147483647;
			files = (
			);
			runOnlyForDeploymentPostprocessing = 0;
		};
/* End PBXFrameworksBuildPhase section */

/* Begin PBXGroup section */
		052589D48EFC8CEC10211D0B /* Frameworks */ = {
			isa = PBXGroup;
			children = (
				937F0AA93797C4A9577D1C1E /* libPods-RTMPCDemo.a */,
			);
			name = Frameworks;
			sourceTree = "<group>";
		};
		6331605C1F7C9A5C00892C3F /* Main */ = {
			isa = PBXGroup;
			children = (
				63642AF5207DB4FE00E17DD4 /* ATMainViewController.h */,
				63642AF6207DB4FE00E17DD4 /* ATMainViewController.m */,
				6371860E207DBB7900415647 /* ATHallViewController.h */,
				6371860F207DBB7900415647 /* ATHallViewController.m */,
				633160621F7C9C1000892C3F /* ATStartViewController.h */,
				633160631F7C9C1000892C3F /* ATStartViewController.m */,
				635EF11C2080A025007C307E /* ATHallModel.h */,
				635EF11D2080A025007C307E /* ATHallModel.m */,
			);
			path = Main;
			sourceTree = "<group>";
		};
		6331605D1F7C9A9700892C3F /* Video */ = {
			isa = PBXGroup;
			children = (
				63718625207DEB3D00415647 /* ATVideoHostController.h */,
				63718626207DEB3D00415647 /* ATVideoHostController.m */,
				63718637207E145800415647 /* ATVideoAudienceController.h */,
				63718638207E145800415647 /* ATVideoAudienceController.m */,
			);
			path = Video;
			sourceTree = "<group>";
		};
		6331605E1F7C9A9A00892C3F /* Audio */ = {
			isa = PBXGroup;
			children = (
				635D237F2080A86500FF4BD1 /* ATAudioHostController.h */,
				635D23802080A86500FF4BD1 /* ATAudioHostController.m */,
				635D23822080A87600FF4BD1 /* ATAudioAudienceController.h */,
				635D23832080A87600FF4BD1 /* ATAudioAudienceController.m */,
			);
			path = Audio;
			sourceTree = "<group>";
		};
		6347266A1F7640D500E1F9C8 /* Extension */ = {
			isa = PBXGroup;
			children = (
				6347266B1F7640D500E1F9C8 /* UIButton+ImageTitleSpacing.h */,
				6347266C1F7640D500E1F9C8 /* UIButton+ImageTitleSpacing.m */,
			);
			path = Extension;
			sourceTree = "<group>";
		};
		63718615207DE5AC00415647 /* Room */ = {
			isa = PBXGroup;
			children = (
				6331605D1F7C9A9700892C3F /* Video */,
				6331605E1F7C9A9A00892C3F /* Audio */,
				63718617207DE66900415647 /* Common */,
			);
			path = Room;
			sourceTree = "<group>";
		};
		63718616207DE5D700415647 /* Base */ = {
			isa = PBXGroup;
			children = (
				639E91971F6FB22D0037D9B9 /* AppDelegate.h */,
				639E91981F6FB22D0037D9B9 /* AppDelegate.m */,
			);
			path = Base;
			sourceTree = "<group>";
		};
		63718617207DE66900415647 /* Common */ = {
			isa = PBXGroup;
			children = (
				6371861B207DE69700415647 /* Message */,
				6371861A207DE69400415647 /* Menu */,
				63718619207DE69000415647 /* Mic */,
				63718618207DE68D00415647 /* Online */,
				63A43FB920849DBC00DF7447 /* End */,
				63718628207DFE1700415647 /* Extension */,
			);
			path = Common;
			sourceTree = "<group>";
		};
		63718618207DE68D00415647 /* Online */ = {
			isa = PBXGroup;
			children = (
				63BF3D9B1F7E1F1600E6ADD0 /* ATListViewController.h */,
				63BF3D9C1F7E1F1600E6ADD0 /* ATListViewController.m */,
				63BF3DA01F7E250D00E6ADD0 /* ATListModel.h */,
				63BF3DA11F7E250D00E6ADD0 /* ATListModel.m */,
			);
			path = Online;
			sourceTree = "<group>";
		};
		63718619207DE69000415647 /* Mic */ = {
			isa = PBXGroup;
			children = (
				63A43FB32084539A00DF7447 /* Waves */,
				6377D0E4207EF73200E5DD37 /* RealMic */,
				6371862C207E11F700415647 /* View */,
			);
			path = Mic;
			sourceTree = "<group>";
		};
		6371861A207DE69400415647 /* Menu */ = {
			isa = PBXGroup;
			children = (
				635EF11920807DA1007C307E /* ATMenuViewController.h */,
				635EF11A20807DA1007C307E /* ATMenuViewController.m */,
			);
			path = Menu;
			sourceTree = "<group>";
		};
		6371861B207DE69700415647 /* Message */ = {
			isa = PBXGroup;
			children = (
				6371861F207DEAD400415647 /* ATBarrageViewController.h */,
				63718620207DEAD400415647 /* ATBarrageViewController.m */,
				6370225E2086EDFE00BE9E10 /* ATBarragesView.h */,
				6370225F2086EDFE00BE9E10 /* ATBarragesView.m */,
			);
			path = Message;
			sourceTree = "<group>";
		};
		63718628207DFE1700415647 /* Extension */ = {
			isa = PBXGroup;
			children = (
				63718629207DFE4D00415647 /* UIViewController+Common.h */,
				6371862A207DFE4D00415647 /* UIViewController+Common.m */,
			);
			path = Extension;
			sourceTree = "<group>";
		};
		6371862C207E11F700415647 /* View */ = {
			isa = PBXGroup;
			children = (
				6371862D207E129000415647 /* ATVideoView.h */,
				6371862E207E129000415647 /* ATVideoView.m */,
				63718632207E12A800415647 /* ATVideoView.xib */,
				6371863A207E16BE00415647 /* ATAudioView.h */,
				6371863B207E16BE00415647 /* ATAudioView.m */,
				6371863D207E16C700415647 /* ATAudioView.xib */,
			);
			path = View;
			sourceTree = "<group>";
		};
		6377D0E4207EF73200E5DD37 /* RealMic */ = {
			isa = PBXGroup;
			children = (
				6377D0E5207EF7BC00E5DD37 /* ATRealTimeMicController.h */,
				6377D0E6207EF7BC00E5DD37 /* ATRealTimeMicController.m */,
				6377D0E8207EF81A00E5DD37 /* ATRealMicModel.h */,
				6377D0E9207EF81A00E5DD37 /* ATRealMicModel.m */,
				6377D0EB207EF84000E5DD37 /* ATRealMicCell.h */,
				6377D0EC207EF84000E5DD37 /* ATRealMicCell.m */,
			);
			path = RealMic;
			sourceTree = "<group>";
		};
		639E91881F6FB22D0037D9B9 = {
			isa = PBXGroup;
			children = (
				639E91931F6FB22D0037D9B9 /* RTMPCDemo */,
				639E91AD1F6FB22E0037D9B9 /* RTMPCDemoTests */,
				639E91B81F6FB22E0037D9B9 /* RTMPCDemoUITests */,
				639E91921F6FB22D0037D9B9 /* Products */,
				052589D48EFC8CEC10211D0B /* Frameworks */,
				C5709B1D689DB8900D204E5B /* Pods */,
			);
			sourceTree = "<group>";
		};
		639E91921F6FB22D0037D9B9 /* Products */ = {
			isa = PBXGroup;
			children = (
				639E91911F6FB22D0037D9B9 /* RTMPCDemo.app */,
				639E91AA1F6FB22E0037D9B9 /* RTMPCDemoTests.xctest */,
				639E91B51F6FB22E0037D9B9 /* RTMPCDemoUITests.xctest */,
			);
			name = Products;
			sourceTree = "<group>";
		};
		639E91931F6FB22D0037D9B9 /* RTMPCDemo */ = {
			isa = PBXGroup;
			children = (
				63E5F0EE1F729AC900F6701B /* Helpers */,
				63718615207DE5AC00415647 /* Room */,
				6331605C1F7C9A5C00892C3F /* Main */,
				63718616207DE5D700415647 /* Base */,
				63642AF3207DAEA700E17DD4 /* Main.storyboard */,
				639E91A01F6FB22D0037D9B9 /* Assets.xcassets */,
				639E91A51F6FB22D0037D9B9 /* Info.plist */,
				639E91941F6FB22D0037D9B9 /* Supporting Files */,
				63E5F0ED1F72983100F6701B /* RTMPCDemo.pch */,
				63BF3DA31F7E579D00E6ADD0 /* Images.xcassets */,
			);
			path = RTMPCDemo;
			sourceTree = "<group>";
		};
		639E91941F6FB22D0037D9B9 /* Supporting Files */ = {
			isa = PBXGroup;
			children = (
				639E91951F6FB22D0037D9B9 /* main.m */,
			);
			name = "Supporting Files";
			sourceTree = "<group>";
		};
		639E91AD1F6FB22E0037D9B9 /* RTMPCDemoTests */ = {
			isa = PBXGroup;
			children = (
				639E91AE1F6FB22E0037D9B9 /* RTMPCDemoTests.m */,
				639E91B01F6FB22E0037D9B9 /* Info.plist */,
			);
			path = RTMPCDemoTests;
			sourceTree = "<group>";
		};
		639E91B81F6FB22E0037D9B9 /* RTMPCDemoUITests */ = {
			isa = PBXGroup;
			children = (
				639E91B91F6FB22E0037D9B9 /* RTMPCDemoUITests.m */,
				639E91BB1F6FB22E0037D9B9 /* Info.plist */,
			);
			path = RTMPCDemoUITests;
			sourceTree = "<group>";
		};
		63A43FB32084539A00DF7447 /* Waves */ = {
			isa = PBXGroup;
			children = (
				63A43FB4208453C500DF7447 /* ATAudioButton.h */,
				63A43FB5208453C500DF7447 /* ATAudioButton.m */,
			);
			path = Waves;
			sourceTree = "<group>";
		};
		63A43FB920849DBC00DF7447 /* End */ = {
			isa = PBXGroup;
			children = (
				63A43FBA2084B0F300DF7447 /* ATLivingEndController.h */,
				63A43FBB2084B0F300DF7447 /* ATLivingEndController.m */,
			);
			path = End;
			sourceTree = "<group>";
		};
		63A43FBD2084B81600DF7447 /* NetWork */ = {
			isa = PBXGroup;
			children = (
				637728692046409D008A12B7 /* NetWorkTools.h */,
				637728682046409D008A12B7 /* NetWorkTools.m */,
			);
			path = NetWork;
			sourceTree = "<group>";
		};
		63E5F0EE1F729AC900F6701B /* Helpers */ = {
			isa = PBXGroup;
			children = (
				63E5F0EF1F729B0600F6701B /* ATCommon.h */,
				63E5F0F01F729B0600F6701B /* ATCommon.m */,
				63A43FBD2084B81600DF7447 /* NetWork */,
				6347266A1F7640D500E1F9C8 /* Extension */,
			);
			path = Helpers;
			sourceTree = "<group>";
		};
		C5709B1D689DB8900D204E5B /* Pods */ = {
			isa = PBXGroup;
			children = (
				B5A8E239CBD25F15ACB745BC /* Pods-RTMPCDemo.debug.xcconfig */,
				2D9FAFEB8A199990D14B5FC2 /* Pods-RTMPCDemo.release.xcconfig */,
			);
			name = Pods;
			sourceTree = "<group>";
		};
/* End PBXGroup section */

/* Begin PBXNativeTarget section */
		639E91901F6FB22D0037D9B9 /* RTMPCDemo */ = {
			isa = PBXNativeTarget;
			buildConfigurationList = 639E91BE1F6FB22E0037D9B9 /* Build configuration list for PBXNativeTarget "RTMPCDemo" */;
			buildPhases = (
				9F380D511D63841E45F10867 /* [CP] Check Pods Manifest.lock */,
				639E918D1F6FB22D0037D9B9 /* Sources */,
				639E918E1F6FB22D0037D9B9 /* Frameworks */,
				639E918F1F6FB22D0037D9B9 /* Resources */,
				639E91D21F6FB2B90037D9B9 /* Embed Frameworks */,
				40A010100E6AED5A0ABBB62F /* [CP] Copy Pods Resources */,
				896944BA698F76710D96ADA8 /* [CP] Embed Pods Frameworks */,
			);
			buildRules = (
			);
			dependencies = (
			);
			name = RTMPCDemo;
			productName = RTMPCDemo;
			productReference = 639E91911F6FB22D0037D9B9 /* RTMPCDemo.app */;
			productType = "com.apple.product-type.application";
		};
		639E91A91F6FB22E0037D9B9 /* RTMPCDemoTests */ = {
			isa = PBXNativeTarget;
			buildConfigurationList = 639E91C11F6FB22E0037D9B9 /* Build configuration list for PBXNativeTarget "RTMPCDemoTests" */;
			buildPhases = (
				639E91A61F6FB22E0037D9B9 /* Sources */,
				639E91A71F6FB22E0037D9B9 /* Frameworks */,
				639E91A81F6FB22E0037D9B9 /* Resources */,
			);
			buildRules = (
			);
			dependencies = (
				639E91AC1F6FB22E0037D9B9 /* PBXTargetDependency */,
			);
			name = RTMPCDemoTests;
			productName = RTMPCDemoTests;
			productReference = 639E91AA1F6FB22E0037D9B9 /* RTMPCDemoTests.xctest */;
			productType = "com.apple.product-type.bundle.unit-test";
		};
		639E91B41F6FB22E0037D9B9 /* RTMPCDemoUITests */ = {
			isa = PBXNativeTarget;
			buildConfigurationList = 639E91C41F6FB22E0037D9B9 /* Build configuration list for PBXNativeTarget "RTMPCDemoUITests" */;
			buildPhases = (
				639E91B11F6FB22E0037D9B9 /* Sources */,
				639E91B21F6FB22E0037D9B9 /* Frameworks */,
				639E91B31F6FB22E0037D9B9 /* Resources */,
			);
			buildRules = (
			);
			dependencies = (
				639E91B71F6FB22E0037D9B9 /* PBXTargetDependency */,
			);
			name = RTMPCDemoUITests;
			productName = RTMPCDemoUITests;
			productReference = 639E91B51F6FB22E0037D9B9 /* RTMPCDemoUITests.xctest */;
			productType = "com.apple.product-type.bundle.ui-testing";
		};
/* End PBXNativeTarget section */

/* Begin PBXProject section */
		639E91891F6FB22D0037D9B9 /* Project object */ = {
			isa = PBXProject;
			attributes = {
				LastUpgradeCheck = 0920;
				ORGANIZATIONNAME = jh;
				TargetAttributes = {
					639E91901F6FB22D0037D9B9 = {
						CreatedOnToolsVersion = 8.3.3;
						DevelopmentTeam = 5543CP4MRT;
						ProvisioningStyle = Automatic;
						SystemCapabilities = {
							com.apple.BackgroundModes = {
								enabled = 1;
							};
						};
					};
					639E91A91F6FB22E0037D9B9 = {
						CreatedOnToolsVersion = 8.3.3;
						DevelopmentTeam = 5543CP4MRT;
						ProvisioningStyle = Automatic;
						TestTargetID = 639E91901F6FB22D0037D9B9;
					};
					639E91B41F6FB22E0037D9B9 = {
						CreatedOnToolsVersion = 8.3.3;
						DevelopmentTeam = 5543CP4MRT;
						ProvisioningStyle = Automatic;
						TestTargetID = 639E91901F6FB22D0037D9B9;
					};
				};
			};
			buildConfigurationList = 639E918C1F6FB22D0037D9B9 /* Build configuration list for PBXProject "RTMPCDemo" */;
			compatibilityVersion = "Xcode 3.2";
			developmentRegion = English;
			hasScannedForEncodings = 0;
			knownRegions = (
				en,
				Base,
			);
			mainGroup = 639E91881F6FB22D0037D9B9;
			productRefGroup = 639E91921F6FB22D0037D9B9 /* Products */;
			projectDirPath = "";
			projectRoot = "";
			targets = (
				639E91901F6FB22D0037D9B9 /* RTMPCDemo */,
				639E91A91F6FB22E0037D9B9 /* RTMPCDemoTests */,
				639E91B41F6FB22E0037D9B9 /* RTMPCDemoUITests */,
			);
		};
/* End PBXProject section */

/* Begin PBXResourcesBuildPhase section */
		639E918F1F6FB22D0037D9B9 /* Resources */ = {
			isa = PBXResourcesBuildPhase;
			buildActionMask = 2147483647;
			files = (
				63BF3DA41F7E579D00E6ADD0 /* Images.xcassets in Resources */,
				639E91A11F6FB22D0037D9B9 /* Assets.xcassets in Resources */,
				63642AF4207DAEA700E17DD4 /* Main.storyboard in Resources */,
				63718633207E12A800415647 /* ATVideoView.xib in Resources */,
				6371863E207E16C700415647 /* ATAudioView.xib in Resources */,
			);
			runOnlyForDeploymentPostprocessing = 0;
		};
		639E91A81F6FB22E0037D9B9 /* Resources */ = {
			isa = PBXResourcesBuildPhase;
			buildActionMask = 2147483647;
			files = (
			);
			runOnlyForDeploymentPostprocessing = 0;
		};
		639E91B31F6FB22E0037D9B9 /* Resources */ = {
			isa = PBXResourcesBuildPhase;
			buildActionMask = 2147483647;
			files = (
			);
			runOnlyForDeploymentPostprocessing = 0;
		};
/* End PBXResourcesBuildPhase section */

/* Begin PBXShellScriptBuildPhase section */
		40A010100E6AED5A0ABBB62F /* [CP] Copy Pods Resources */ = {
			isa = PBXShellScriptBuildPhase;
			buildActionMask = 2147483647;
			files = (
			);
			inputPaths = (
				"${SRCROOT}/Pods/Target Support Files/Pods-RTMPCDemo/Pods-RTMPCDemo-resources.sh",
				"${PODS_ROOT}/MJRefresh/MJRefresh/MJRefresh.bundle",
			);
			name = "[CP] Copy Pods Resources";
			outputPaths = (
				"${TARGET_BUILD_DIR}/${UNLOCALIZED_RESOURCES_FOLDER_PATH}/MJRefresh.bundle",
			);
			runOnlyForDeploymentPostprocessing = 0;
			shellPath = /bin/sh;
			shellScript = "\"${SRCROOT}/Pods/Target Support Files/Pods-RTMPCDemo/Pods-RTMPCDemo-resources.sh\"\n";
			showEnvVarsInLog = 0;
		};
		896944BA698F76710D96ADA8 /* [CP] Embed Pods Frameworks */ = {
			isa = PBXShellScriptBuildPhase;
			buildActionMask = 2147483647;
			files = (
			);
			inputPaths = (
				"${SRCROOT}/Pods/Target Support Files/Pods-RTMPCDemo/Pods-RTMPCDemo-frameworks.sh",
				"${PODS_ROOT}/RTMPCHybirdEngine/RTMPCHybirdEngine/RTMPCHybirdEngine.framework",
			);
			name = "[CP] Embed Pods Frameworks";
			outputPaths = (
				"${TARGET_BUILD_DIR}/${FRAMEWORKS_FOLDER_PATH}/RTMPCHybirdEngine.framework",
			);
			runOnlyForDeploymentPostprocessing = 0;
			shellPath = /bin/sh;
			shellScript = "\"${SRCROOT}/Pods/Target Support Files/Pods-RTMPCDemo/Pods-RTMPCDemo-frameworks.sh\"\n";
			showEnvVarsInLog = 0;
		};
		9F380D511D63841E45F10867 /* [CP] Check Pods Manifest.lock */ = {
			isa = PBXShellScriptBuildPhase;
			buildActionMask = 2147483647;
			files = (
			);
			inputPaths = (
				"${PODS_PODFILE_DIR_PATH}/Podfile.lock",
				"${PODS_ROOT}/Manifest.lock",
			);
			name = "[CP] Check Pods Manifest.lock";
			outputPaths = (
				"$(DERIVED_FILE_DIR)/Pods-RTMPCDemo-checkManifestLockResult.txt",
			);
			runOnlyForDeploymentPostprocessing = 0;
			shellPath = /bin/sh;
			shellScript = "diff \"${PODS_PODFILE_DIR_PATH}/Podfile.lock\" \"${PODS_ROOT}/Manifest.lock\" > /dev/null\nif [ $? != 0 ] ; then\n    # print error to STDERR\n    echo \"error: The sandbox is not in sync with the Podfile.lock. Run 'pod install' or update your CocoaPods installation.\" >&2\n    exit 1\nfi\n# This output is used by Xcode 'outputs' to avoid re-running this script phase.\necho \"SUCCESS\" > \"${SCRIPT_OUTPUT_FILE_0}\"\n";
			showEnvVarsInLog = 0;
		};
/* End PBXShellScriptBuildPhase section */

/* Begin PBXSourcesBuildPhase section */
		639E918D1F6FB22D0037D9B9 /* Sources */ = {
			isa = PBXSourcesBuildPhase;
			buildActionMask = 2147483647;
			files = (
				63642AF7207DB4FE00E17DD4 /* ATMainViewController.m in Sources */,
				6377D0E7207EF7BC00E5DD37 /* ATRealTimeMicController.m in Sources */,
				6377D0ED207EF84000E5DD37 /* ATRealMicCell.m in Sources */,
				6377D0EA207EF81A00E5DD37 /* ATRealMicModel.m in Sources */,
				63BF3DA21F7E250D00E6ADD0 /* ATListModel.m in Sources */,
				63A43FBC2084B0F300DF7447 /* ATLivingEndController.m in Sources */,
				63718621207DEAD400415647 /* ATBarrageViewController.m in Sources */,
				63718639207E145800415647 /* ATVideoAudienceController.m in Sources */,
				6377286A2046409D008A12B7 /* NetWorkTools.m in Sources */,
				635EF11B20807DA1007C307E /* ATMenuViewController.m in Sources */,
				6371862F207E129000415647 /* ATVideoView.m in Sources */,
				639E91991F6FB22D0037D9B9 /* AppDelegate.m in Sources */,
				639E91961F6FB22D0037D9B9 /* main.m in Sources */,
				63E5F0F31F729B0600F6701B /* ATCommon.m in Sources */,
				6371862B207DFE4D00415647 /* UIViewController+Common.m in Sources */,
				6371863C207E16BE00415647 /* ATAudioView.m in Sources */,
				637022602086EDFE00BE9E10 /* ATBarragesView.m in Sources */,
				63718610207DBB7900415647 /* ATHallViewController.m in Sources */,
				63A43FB6208453C500DF7447 /* ATAudioButton.m in Sources */,
				635D23812080A86500FF4BD1 /* ATAudioHostController.m in Sources */,
				635D23842080A87600FF4BD1 /* ATAudioAudienceController.m in Sources */,
				6347266D1F7640D500E1F9C8 /* UIButton+ImageTitleSpacing.m in Sources */,
				63BF3D9E1F7E1F1600E6ADD0 /* ATListViewController.m in Sources */,
				633160671F7C9C1000892C3F /* ATStartViewController.m in Sources */,
				63718627207DEB3D00415647 /* ATVideoHostController.m in Sources */,
				635EF11E2080A025007C307E /* ATHallModel.m in Sources */,
			);
			runOnlyForDeploymentPostprocessing = 0;
		};
		639E91A61F6FB22E0037D9B9 /* Sources */ = {
			isa = PBXSourcesBuildPhase;
			buildActionMask = 2147483647;
			files = (
				639E91AF1F6FB22E0037D9B9 /* RTMPCDemoTests.m in Sources */,
			);
			runOnlyForDeploymentPostprocessing = 0;
		};
		639E91B11F6FB22E0037D9B9 /* Sources */ = {
			isa = PBXSourcesBuildPhase;
			buildActionMask = 2147483647;
			files = (
				639E91BA1F6FB22E0037D9B9 /* RTMPCDemoUITests.m in Sources */,
			);
			runOnlyForDeploymentPostprocessing = 0;
		};
/* End PBXSourcesBuildPhase section */

/* Begin PBXTargetDependency section */
		639E91AC1F6FB22E0037D9B9 /* PBXTargetDependency */ = {
			isa = PBXTargetDependency;
			target = 639E91901F6FB22D0037D9B9 /* RTMPCDemo */;
			targetProxy = 639E91AB1F6FB22E0037D9B9 /* PBXContainerItemProxy */;
		};
		639E91B71F6FB22E0037D9B9 /* PBXTargetDependency */ = {
			isa = PBXTargetDependency;
			target = 639E91901F6FB22D0037D9B9 /* RTMPCDemo */;
			targetProxy = 639E91B61F6FB22E0037D9B9 /* PBXContainerItemProxy */;
		};
/* End PBXTargetDependency section */

/* Begin XCBuildConfiguration section */
		639E91BC1F6FB22E0037D9B9 /* Debug */ = {
			isa = XCBuildConfiguration;
			buildSettings = {
				ALWAYS_SEARCH_USER_PATHS = NO;
				CLANG_ANALYZER_NONNULL = YES;
				CLANG_ANALYZER_NUMBER_OBJECT_CONVERSION = YES_AGGRESSIVE;
				CLANG_CXX_LANGUAGE_STANDARD = "gnu++0x";
				CLANG_CXX_LIBRARY = "libc++";
				CLANG_ENABLE_MODULES = YES;
				CLANG_ENABLE_OBJC_ARC = YES;
				CLANG_WARN_BLOCK_CAPTURE_AUTORELEASING = YES;
				CLANG_WARN_BOOL_CONVERSION = YES;
				CLANG_WARN_COMMA = YES;
				CLANG_WARN_CONSTANT_CONVERSION = YES;
				CLANG_WARN_DIRECT_OBJC_ISA_USAGE = YES_ERROR;
				CLANG_WARN_DOCUMENTATION_COMMENTS = YES;
				CLANG_WARN_EMPTY_BODY = YES;
				CLANG_WARN_ENUM_CONVERSION = YES;
				CLANG_WARN_INFINITE_RECURSION = YES;
				CLANG_WARN_INT_CONVERSION = YES;
				CLANG_WARN_NON_LITERAL_NULL_CONVERSION = YES;
				CLANG_WARN_OBJC_LITERAL_CONVERSION = YES;
				CLANG_WARN_OBJC_ROOT_CLASS = YES_ERROR;
				CLANG_WARN_RANGE_LOOP_ANALYSIS = YES;
				CLANG_WARN_STRICT_PROTOTYPES = YES;
				CLANG_WARN_SUSPICIOUS_MOVE = YES;
				CLANG_WARN_UNREACHABLE_CODE = YES;
				CLANG_WARN__DUPLICATE_METHOD_MATCH = YES;
				"CODE_SIGN_IDENTITY[sdk=iphoneos*]" = "iPhone Developer";
				COPY_PHASE_STRIP = NO;
				DEBUG_INFORMATION_FORMAT = dwarf;
				ENABLE_STRICT_OBJC_MSGSEND = YES;
				ENABLE_TESTABILITY = YES;
				GCC_C_LANGUAGE_STANDARD = gnu99;
				GCC_DYNAMIC_NO_PIC = NO;
				GCC_NO_COMMON_BLOCKS = YES;
				GCC_OPTIMIZATION_LEVEL = 0;
				GCC_PREPROCESSOR_DEFINITIONS = (
					"DEBUG=1",
					"$(inherited)",
				);
				GCC_WARN_64_TO_32_BIT_CONVERSION = YES;
				GCC_WARN_ABOUT_RETURN_TYPE = YES_ERROR;
				GCC_WARN_UNDECLARED_SELECTOR = YES;
				GCC_WARN_UNINITIALIZED_AUTOS = YES_AGGRESSIVE;
				GCC_WARN_UNUSED_FUNCTION = YES;
				GCC_WARN_UNUSED_VARIABLE = YES;
				IPHONEOS_DEPLOYMENT_TARGET = 8.0;
				MTL_ENABLE_DEBUG_INFO = YES;
				ONLY_ACTIVE_ARCH = YES;
				SDKROOT = iphoneos;
			};
			name = Debug;
		};
		639E91BD1F6FB22E0037D9B9 /* Release */ = {
			isa = XCBuildConfiguration;
			buildSettings = {
				ALWAYS_SEARCH_USER_PATHS = NO;
				CLANG_ANALYZER_NONNULL = YES;
				CLANG_ANALYZER_NUMBER_OBJECT_CONVERSION = YES_AGGRESSIVE;
				CLANG_CXX_LANGUAGE_STANDARD = "gnu++0x";
				CLANG_CXX_LIBRARY = "libc++";
				CLANG_ENABLE_MODULES = YES;
				CLANG_ENABLE_OBJC_ARC = YES;
				CLANG_WARN_BLOCK_CAPTURE_AUTORELEASING = YES;
				CLANG_WARN_BOOL_CONVERSION = YES;
				CLANG_WARN_COMMA = YES;
				CLANG_WARN_CONSTANT_CONVERSION = YES;
				CLANG_WARN_DIRECT_OBJC_ISA_USAGE = YES_ERROR;
				CLANG_WARN_DOCUMENTATION_COMMENTS = YES;
				CLANG_WARN_EMPTY_BODY = YES;
				CLANG_WARN_ENUM_CONVERSION = YES;
				CLANG_WARN_INFINITE_RECURSION = YES;
				CLANG_WARN_INT_CONVERSION = YES;
				CLANG_WARN_NON_LITERAL_NULL_CONVERSION = YES;
				CLANG_WARN_OBJC_LITERAL_CONVERSION = YES;
				CLANG_WARN_OBJC_ROOT_CLASS = YES_ERROR;
				CLANG_WARN_RANGE_LOOP_ANALYSIS = YES;
				CLANG_WARN_STRICT_PROTOTYPES = YES;
				CLANG_WARN_SUSPICIOUS_MOVE = YES;
				CLANG_WARN_UNREACHABLE_CODE = YES;
				CLANG_WARN__DUPLICATE_METHOD_MATCH = YES;
				"CODE_SIGN_IDENTITY[sdk=iphoneos*]" = "iPhone Developer";
				COPY_PHASE_STRIP = NO;
				DEBUG_INFORMATION_FORMAT = "dwarf-with-dsym";
				ENABLE_NS_ASSERTIONS = NO;
				ENABLE_STRICT_OBJC_MSGSEND = YES;
				GCC_C_LANGUAGE_STANDARD = gnu99;
				GCC_NO_COMMON_BLOCKS = YES;
				GCC_WARN_64_TO_32_BIT_CONVERSION = YES;
				GCC_WARN_ABOUT_RETURN_TYPE = YES_ERROR;
				GCC_WARN_UNDECLARED_SELECTOR = YES;
				GCC_WARN_UNINITIALIZED_AUTOS = YES_AGGRESSIVE;
				GCC_WARN_UNUSED_FUNCTION = YES;
				GCC_WARN_UNUSED_VARIABLE = YES;
				IPHONEOS_DEPLOYMENT_TARGET = 8.0;
				MTL_ENABLE_DEBUG_INFO = NO;
				SDKROOT = iphoneos;
				VALIDATE_PRODUCT = YES;
			};
			name = Release;
		};
		639E91BF1F6FB22E0037D9B9 /* Debug */ = {
			isa = XCBuildConfiguration;
			baseConfigurationReference = B5A8E239CBD25F15ACB745BC /* Pods-RTMPCDemo.debug.xcconfig */;
			buildSettings = {
				ASSETCATALOG_COMPILER_APPICON_NAME = AppIcon;
				ASSETCATALOG_COMPILER_LAUNCHIMAGE_NAME = LaunchImage;
				CODE_SIGN_IDENTITY = "iPhone Developer";
				"CODE_SIGN_IDENTITY[sdk=iphoneos*]" = "iPhone Developer";
				CODE_SIGN_STYLE = Automatic;
				DEVELOPMENT_TEAM = 5543CP4MRT;
				ENABLE_BITCODE = NO;
				FRAMEWORK_SEARCH_PATHS = (
					"$(inherited)",
					"$(PROJECT_DIR)/RTMPCDemo",
					"$(PROJECT_DIR)/RTMPCDemo_Swift/RTMPCDemo_Swift",
				);
				GCC_INCREASE_PRECOMPILED_HEADER_SHARING = NO;
				GCC_PREFIX_HEADER = "$(SRCROOT)/$(PROJECT_NAME)/RTMPCDemo.pch";
				INFOPLIST_FILE = RTMPCDemo/Info.plist;
				IPHONEOS_DEPLOYMENT_TARGET = 9.0;
				LD_RUNPATH_SEARCH_PATHS = "$(inherited) @executable_path/Frameworks";
				PRODUCT_BUNDLE_IDENTIFIER = com.dync.rtmpc;
				PRODUCT_NAME = "$(TARGET_NAME)";
				PROVISIONING_PROFILE = "";
				PROVISIONING_PROFILE_SPECIFIER = "";
				TARGETED_DEVICE_FAMILY = "1,2";
			};
			name = Debug;
		};
		639E91C01F6FB22E0037D9B9 /* Release */ = {
			isa = XCBuildConfiguration;
			baseConfigurationReference = 2D9FAFEB8A199990D14B5FC2 /* Pods-RTMPCDemo.release.xcconfig */;
			buildSettings = {
				ASSETCATALOG_COMPILER_APPICON_NAME = AppIcon;
				ASSETCATALOG_COMPILER_LAUNCHIMAGE_NAME = LaunchImage;
				CODE_SIGN_IDENTITY = "iPhone Developer";
				"CODE_SIGN_IDENTITY[sdk=iphoneos*]" = "iPhone Developer";
				CODE_SIGN_STYLE = Automatic;
				DEVELOPMENT_TEAM = 5543CP4MRT;
				ENABLE_BITCODE = NO;
				FRAMEWORK_SEARCH_PATHS = (
					"$(inherited)",
					"$(PROJECT_DIR)/RTMPCDemo",
					"$(PROJECT_DIR)/RTMPCDemo_Swift/RTMPCDemo_Swift",
				);
				GCC_INCREASE_PRECOMPILED_HEADER_SHARING = NO;
				GCC_PREFIX_HEADER = "$(SRCROOT)/$(PROJECT_NAME)/RTMPCDemo.pch";
				INFOPLIST_FILE = RTMPCDemo/Info.plist;
				IPHONEOS_DEPLOYMENT_TARGET = 9.0;
				LD_RUNPATH_SEARCH_PATHS = "$(inherited) @executable_path/Frameworks";
				PRODUCT_BUNDLE_IDENTIFIER = com.dync.rtmpc;
				PRODUCT_NAME = "$(TARGET_NAME)";
				PROVISIONING_PROFILE = "";
				PROVISIONING_PROFILE_SPECIFIER = "";
				TARGETED_DEVICE_FAMILY = "1,2";
			};
			name = Release;
		};
		639E91C21F6FB22E0037D9B9 /* Debug */ = {
			isa = XCBuildConfiguration;
			buildSettings = {
				BUNDLE_LOADER = "$(TEST_HOST)";
				DEVELOPMENT_TEAM = 5543CP4MRT;
				INFOPLIST_FILE = RTMPCDemoTests/Info.plist;
				LD_RUNPATH_SEARCH_PATHS = "$(inherited) @executable_path/Frameworks @loader_path/Frameworks";
				PRODUCT_BUNDLE_IDENTIFIER = com.dync.RTMPCDemoTests;
				PRODUCT_NAME = "$(TARGET_NAME)";
				TEST_HOST = "$(BUILT_PRODUCTS_DIR)/RTMPCDemo.app/RTMPCDemo";
			};
			name = Debug;
		};
		639E91C31F6FB22E0037D9B9 /* Release */ = {
			isa = XCBuildConfiguration;
			buildSettings = {
				BUNDLE_LOADER = "$(TEST_HOST)";
				DEVELOPMENT_TEAM = 5543CP4MRT;
				INFOPLIST_FILE = RTMPCDemoTests/Info.plist;
				LD_RUNPATH_SEARCH_PATHS = "$(inherited) @executable_path/Frameworks @loader_path/Frameworks";
				PRODUCT_BUNDLE_IDENTIFIER = com.dync.RTMPCDemoTests;
				PRODUCT_NAME = "$(TARGET_NAME)";
				TEST_HOST = "$(BUILT_PRODUCTS_DIR)/RTMPCDemo.app/RTMPCDemo";
			};
			name = Release;
		};
		639E91C51F6FB22E0037D9B9 /* Debug */ = {
			isa = XCBuildConfiguration;
			buildSettings = {
				DEVELOPMENT_TEAM = 5543CP4MRT;
				INFOPLIST_FILE = RTMPCDemoUITests/Info.plist;
				LD_RUNPATH_SEARCH_PATHS = "$(inherited) @executable_path/Frameworks @loader_path/Frameworks";
				PRODUCT_BUNDLE_IDENTIFIER = com.dync.RTMPCDemoUITests;
				PRODUCT_NAME = "$(TARGET_NAME)";
				TEST_TARGET_NAME = RTMPCDemo;
			};
			name = Debug;
		};
		639E91C61F6FB22E0037D9B9 /* Release */ = {
			isa = XCBuildConfiguration;
			buildSettings = {
				DEVELOPMENT_TEAM = 5543CP4MRT;
				INFOPLIST_FILE = RTMPCDemoUITests/Info.plist;
				LD_RUNPATH_SEARCH_PATHS = "$(inherited) @executable_path/Frameworks @loader_path/Frameworks";
				PRODUCT_BUNDLE_IDENTIFIER = com.dync.RTMPCDemoUITests;
				PRODUCT_NAME = "$(TARGET_NAME)";
				TEST_TARGET_NAME = RTMPCDemo;
			};
			name = Release;
		};
/* End XCBuildConfiguration section */

/* Begin XCConfigurationList section */
		639E918C1F6FB22D0037D9B9 /* Build configuration list for PBXProject "RTMPCDemo" */ = {
			isa = XCConfigurationList;
			buildConfigurations = (
				639E91BC1F6FB22E0037D9B9 /* Debug */,
				639E91BD1F6FB22E0037D9B9 /* Release */,
			);
			defaultConfigurationIsVisible = 0;
			defaultConfigurationName = Release;
		};
		639E91BE1F6FB22E0037D9B9 /* Build configuration list for PBXNativeTarget "RTMPCDemo" */ = {
			isa = XCConfigurationList;
			buildConfigurations = (
				639E91BF1F6FB22E0037D9B9 /* Debug */,
				639E91C01F6FB22E0037D9B9 /* Release */,
			);
			defaultConfigurationIsVisible = 0;
			defaultConfigurationName = Release;
		};
		639E91C11F6FB22E0037D9B9 /* Build configuration list for PBXNativeTarget "RTMPCDemoTests" */ = {
			isa = XCConfigurationList;
			buildConfigurations = (
				639E91C21F6FB22E0037D9B9 /* Debug */,
				639E91C31F6FB22E0037D9B9 /* Release */,
			);
			defaultConfigurationIsVisible = 0;
			defaultConfigurationName = Release;
		};
		639E91C41F6FB22E0037D9B9 /* Build configuration list for PBXNativeTarget "RTMPCDemoUITests" */ = {
			isa = XCConfigurationList;
			buildConfigurations = (
				639E91C51F6FB22E0037D9B9 /* Debug */,
				639E91C61F6FB22E0037D9B9 /* Release */,
			);
			defaultConfigurationIsVisible = 0;
			defaultConfigurationName = Release;
		};
/* End XCConfigurationList section */
	};
	rootObject = 639E91891F6FB22D0037D9B9 /* Project object */;
}
