// !$*UTF8*$!
{
	archiveVersion = 1;
	classes = {
	};
	objectVersion = 51;
	objects = {

/* Begin PBXBuildFile section */
		630CD4EE2265CA89008A13BE /* ArRealMicModel.m in Sources */ = {isa = PBXBuildFile; fileRef = 630CD4ED2265CA89008A13BE /* ArRealMicModel.m */; };
		630CD4F12265D6E3008A13BE /* ArRealTimeMicController.m in Sources */ = {isa = PBXBuildFile; fileRef = 630CD4F02265D6E3008A13BE /* ArRealTimeMicController.m */; };
		630E0B1022699DA200F3081C /* UIImageView+Animation.m in Sources */ = {isa = PBXBuildFile; fileRef = 630E0B0F22699DA200F3081C /* UIImageView+Animation.m */; };
		630E4563225F230B0095D54F /* ArMainModel.m in Sources */ = {isa = PBXBuildFile; fileRef = 630E4562225F230B0095D54F /* ArMainModel.m */; };
		630E4567225F4B0E0095D54F /* ArNetWorkTools.m in Sources */ = {isa = PBXBuildFile; fileRef = 630E4566225F4B0E0095D54F /* ArNetWorkTools.m */; };
		630E456A225F52020095D54F /* ArCommon.m in Sources */ = {isa = PBXBuildFile; fileRef = 630E4569225F52020095D54F /* ArCommon.m */; };
		630E5FD5226433A100819C05 /* ArBaseViewController.m in Sources */ = {isa = PBXBuildFile; fileRef = 630E5FD4226433A100819C05 /* ArBaseViewController.m */; };
		630E5FD82264701E00819C05 /* ArMessageView.m in Sources */ = {isa = PBXBuildFile; fileRef = 630E5FD72264701E00819C05 /* ArMessageView.m */; };
		630E5FDD22647E1700819C05 /* UIAlertController+Blocks.m in Sources */ = {isa = PBXBuildFile; fileRef = 630E5FDB22647E1700819C05 /* UIAlertController+Blocks.m */; };
		630FC21E226585F300146913 /* ArVideoView.m in Sources */ = {isa = PBXBuildFile; fileRef = 630FC21D226585F300146913 /* ArVideoView.m */; };
		6318F63722606F22007EF67E /* ArUserManager.m in Sources */ = {isa = PBXBuildFile; fileRef = 6318F63622606F22007EF67E /* ArUserManager.m */; };
		637C7F7122898342001D7361 /* ArLogView.m in Sources */ = {isa = PBXBuildFile; fileRef = 637C7F6F22898342001D7361 /* ArLogView.m */; };
		63820E0F23975CC00088D38F /* UIViewController+PresentModel.m in Sources */ = {isa = PBXBuildFile; fileRef = 63820E0E23975CC00088D38F /* UIViewController+PresentModel.m */; };
		63A467322266CFC1006AA045 /* ArRealMicCell.m in Sources */ = {isa = PBXBuildFile; fileRef = 63A467312266CFC1006AA045 /* ArRealMicCell.m */; };
		63A4673B22673857006AA045 /* ArAudioView.m in Sources */ = {isa = PBXBuildFile; fileRef = 63A4673A22673857006AA045 /* ArAudioView.m */; };
		63C1730C225DDBA7001E72E7 /* AppDelegate.m in Sources */ = {isa = PBXBuildFile; fileRef = 63C1730B225DDBA7001E72E7 /* AppDelegate.m */; };
		63C17312225DDBA7001E72E7 /* Main.storyboard in Resources */ = {isa = PBXBuildFile; fileRef = 63C17310225DDBA7001E72E7 /* Main.storyboard */; };
		63C17314225DDBA8001E72E7 /* Assets.xcassets in Resources */ = {isa = PBXBuildFile; fileRef = 63C17313225DDBA8001E72E7 /* Assets.xcassets */; };
		63C1731A225DDBA8001E72E7 /* main.m in Sources */ = {isa = PBXBuildFile; fileRef = 63C17319225DDBA8001E72E7 /* main.m */; };
		63C17324225DDBA8001E72E7 /* RTMPCDemoTests.m in Sources */ = {isa = PBXBuildFile; fileRef = 63C17323225DDBA8001E72E7 /* RTMPCDemoTests.m */; };
		63C1732F225DDBA8001E72E7 /* RTMPCDemoUITests.m in Sources */ = {isa = PBXBuildFile; fileRef = 63C1732E225DDBA8001E72E7 /* RTMPCDemoUITests.m */; };
		63C17349225DE339001E72E7 /* ArVideoHostController.m in Sources */ = {isa = PBXBuildFile; fileRef = 63C17348225DE339001E72E7 /* ArVideoHostController.m */; };
		63C1734C225DE34B001E72E7 /* ArVideoAudienceController.m in Sources */ = {isa = PBXBuildFile; fileRef = 63C1734B225DE34B001E72E7 /* ArVideoAudienceController.m */; };
		63C1734F225DE365001E72E7 /* ArAudioHostController.m in Sources */ = {isa = PBXBuildFile; fileRef = 63C1734E225DE365001E72E7 /* ArAudioHostController.m */; };
		63C17352225DE378001E72E7 /* ArAudioAudienceController.m in Sources */ = {isa = PBXBuildFile; fileRef = 63C17351225DE378001E72E7 /* ArAudioAudienceController.m */; };
		63C17355225DE3A7001E72E7 /* ArMainViewController.m in Sources */ = {isa = PBXBuildFile; fileRef = 63C17354225DE3A7001E72E7 /* ArMainViewController.m */; };
		B057C727A3F9F81AD06FEC25 /* libPods-RTMPCDemo.a in Frameworks */ = {isa = PBXBuildFile; fileRef = C73A5464D3482E66B39C240E /* libPods-RTMPCDemo.a */; };
/* End PBXBuildFile section */

/* Begin PBXContainerItemProxy section */
		63C17320225DDBA8001E72E7 /* PBXContainerItemProxy */ = {
			isa = PBXContainerItemProxy;
			containerPortal = 63C172FF225DDBA7001E72E7 /* Project object */;
			proxyType = 1;
			remoteGlobalIDString = 63C17306225DDBA7001E72E7;
			remoteInfo = RTMPCDemo;
		};
		63C1732B225DDBA8001E72E7 /* PBXContainerItemProxy */ = {
			isa = PBXContainerItemProxy;
			containerPortal = 63C172FF225DDBA7001E72E7 /* Project object */;
			proxyType = 1;
			remoteGlobalIDString = 63C17306225DDBA7001E72E7;
			remoteInfo = RTMPCDemo;
		};
/* End PBXContainerItemProxy section */

/* Begin PBXCopyFilesBuildPhase section */
		63C17340225DDCE3001E72E7 /* Embed Frameworks */ = {
			isa = PBXCopyFilesBuildPhase;
			buildActionMask = 2147483647;
			dstPath = "";
			dstSubfolderSpec = 10;
			files = (
			);
			name = "Embed Frameworks";
			runOnlyForDeploymentPostprocessing = 0;
		};
/* End PBXCopyFilesBuildPhase section */

/* Begin PBXFileReference section */
		630CD4EC2265CA89008A13BE /* ArRealMicModel.h */ = {isa = PBXFileReference; lastKnownFileType = sourcecode.c.h; path = ArRealMicModel.h; sourceTree = "<group>"; };
		630CD4ED2265CA89008A13BE /* ArRealMicModel.m */ = {isa = PBXFileReference; lastKnownFileType = sourcecode.c.objc; path = ArRealMicModel.m; sourceTree = "<group>"; };
		630CD4EF2265D6E3008A13BE /* ArRealTimeMicController.h */ = {isa = PBXFileReference; lastKnownFileType = sourcecode.c.h; path = ArRealTimeMicController.h; sourceTree = "<group>"; };
		630CD4F02265D6E3008A13BE /* ArRealTimeMicController.m */ = {isa = PBXFileReference; lastKnownFileType = sourcecode.c.objc; path = ArRealTimeMicController.m; sourceTree = "<group>"; };
		630E0B0E22699DA200F3081C /* UIImageView+Animation.h */ = {isa = PBXFileReference; lastKnownFileType = sourcecode.c.h; path = "UIImageView+Animation.h"; sourceTree = "<group>"; };
		630E0B0F22699DA200F3081C /* UIImageView+Animation.m */ = {isa = PBXFileReference; lastKnownFileType = sourcecode.c.objc; path = "UIImageView+Animation.m"; sourceTree = "<group>"; };
		630E4561225F230B0095D54F /* ArMainModel.h */ = {isa = PBXFileReference; lastKnownFileType = sourcecode.c.h; path = ArMainModel.h; sourceTree = "<group>"; };
		630E4562225F230B0095D54F /* ArMainModel.m */ = {isa = PBXFileReference; lastKnownFileType = sourcecode.c.objc; path = ArMainModel.m; sourceTree = "<group>"; };
		630E4565225F4B0E0095D54F /* ArNetWorkTools.h */ = {isa = PBXFileReference; lastKnownFileType = sourcecode.c.h; path = ArNetWorkTools.h; sourceTree = "<group>"; };
		630E4566225F4B0E0095D54F /* ArNetWorkTools.m */ = {isa = PBXFileReference; lastKnownFileType = sourcecode.c.objc; path = ArNetWorkTools.m; sourceTree = "<group>"; };
		630E4568225F52020095D54F /* ArCommon.h */ = {isa = PBXFileReference; lastKnownFileType = sourcecode.c.h; path = ArCommon.h; sourceTree = "<group>"; };
		630E4569225F52020095D54F /* ArCommon.m */ = {isa = PBXFileReference; lastKnownFileType = sourcecode.c.objc; path = ArCommon.m; sourceTree = "<group>"; };
		630E5FD3226433A100819C05 /* ArBaseViewController.h */ = {isa = PBXFileReference; lastKnownFileType = sourcecode.c.h; path = ArBaseViewController.h; sourceTree = "<group>"; };
		630E5FD4226433A100819C05 /* ArBaseViewController.m */ = {isa = PBXFileReference; lastKnownFileType = sourcecode.c.objc; path = ArBaseViewController.m; sourceTree = "<group>"; };
		630E5FD62264701E00819C05 /* ArMessageView.h */ = {isa = PBXFileReference; lastKnownFileType = sourcecode.c.h; path = ArMessageView.h; sourceTree = "<group>"; };
		630E5FD72264701E00819C05 /* ArMessageView.m */ = {isa = PBXFileReference; lastKnownFileType = sourcecode.c.objc; path = ArMessageView.m; sourceTree = "<group>"; };
		630E5FDB22647E1700819C05 /* UIAlertController+Blocks.m */ = {isa = PBXFileReference; fileEncoding = 4; lastKnownFileType = sourcecode.c.objc; path = "UIAlertController+Blocks.m"; sourceTree = "<group>"; };
		630E5FDC22647E1700819C05 /* UIAlertController+Blocks.h */ = {isa = PBXFileReference; fileEncoding = 4; lastKnownFileType = sourcecode.c.h; path = "UIAlertController+Blocks.h"; sourceTree = "<group>"; };
		630FC21C226585F300146913 /* ArVideoView.h */ = {isa = PBXFileReference; lastKnownFileType = sourcecode.c.h; path = ArVideoView.h; sourceTree = "<group>"; };
		630FC21D226585F300146913 /* ArVideoView.m */ = {isa = PBXFileReference; lastKnownFileType = sourcecode.c.objc; path = ArVideoView.m; sourceTree = "<group>"; };
		6318F63522606F22007EF67E /* ArUserManager.h */ = {isa = PBXFileReference; lastKnownFileType = sourcecode.c.h; path = ArUserManager.h; sourceTree = "<group>"; };
		6318F63622606F22007EF67E /* ArUserManager.m */ = {isa = PBXFileReference; lastKnownFileType = sourcecode.c.objc; path = ArUserManager.m; sourceTree = "<group>"; };
		637C7F6F22898342001D7361 /* ArLogView.m */ = {isa = PBXFileReference; fileEncoding = 4; lastKnownFileType = sourcecode.c.objc; path = ArLogView.m; sourceTree = "<group>"; };
		637C7F7022898342001D7361 /* ArLogView.h */ = {isa = PBXFileReference; fileEncoding = 4; lastKnownFileType = sourcecode.c.h; path = ArLogView.h; sourceTree = "<group>"; };
		63820E0D23975CC00088D38F /* UIViewController+PresentModel.h */ = {isa = PBXFileReference; lastKnownFileType = sourcecode.c.h; path = "UIViewController+PresentModel.h"; sourceTree = "<group>"; };
		63820E0E23975CC00088D38F /* UIViewController+PresentModel.m */ = {isa = PBXFileReference; lastKnownFileType = sourcecode.c.objc; path = "UIViewController+PresentModel.m"; sourceTree = "<group>"; };
		63A467302266CFC1006AA045 /* ArRealMicCell.h */ = {isa = PBXFileReference; lastKnownFileType = sourcecode.c.h; path = ArRealMicCell.h; sourceTree = "<group>"; };
		63A467312266CFC1006AA045 /* ArRealMicCell.m */ = {isa = PBXFileReference; lastKnownFileType = sourcecode.c.objc; path = ArRealMicCell.m; sourceTree = "<group>"; };
		63A4673922673857006AA045 /* ArAudioView.h */ = {isa = PBXFileReference; lastKnownFileType = sourcecode.c.h; path = ArAudioView.h; sourceTree = "<group>"; };
		63A4673A22673857006AA045 /* ArAudioView.m */ = {isa = PBXFileReference; lastKnownFileType = sourcecode.c.objc; path = ArAudioView.m; sourceTree = "<group>"; };
		63C17307225DDBA7001E72E7 /* RTMPCDemo.app */ = {isa = PBXFileReference; explicitFileType = wrapper.application; includeInIndex = 0; path = RTMPCDemo.app; sourceTree = BUILT_PRODUCTS_DIR; };
		63C1730A225DDBA7001E72E7 /* AppDelegate.h */ = {isa = PBXFileReference; lastKnownFileType = sourcecode.c.h; path = AppDelegate.h; sourceTree = "<group>"; };
		63C1730B225DDBA7001E72E7 /* AppDelegate.m */ = {isa = PBXFileReference; lastKnownFileType = sourcecode.c.objc; path = AppDelegate.m; sourceTree = "<group>"; };
		63C17311225DDBA7001E72E7 /* Base */ = {isa = PBXFileReference; lastKnownFileType = file.storyboard; name = Base; path = Base.lproj/Main.storyboard; sourceTree = "<group>"; };
		63C17313225DDBA8001E72E7 /* Assets.xcassets */ = {isa = PBXFileReference; lastKnownFileType = folder.assetcatalog; path = Assets.xcassets; sourceTree = "<group>"; };
		63C17318225DDBA8001E72E7 /* Info.plist */ = {isa = PBXFileReference; lastKnownFileType = text.plist.xml; path = Info.plist; sourceTree = "<group>"; };
		63C17319225DDBA8001E72E7 /* main.m */ = {isa = PBXFileReference; lastKnownFileType = sourcecode.c.objc; path = main.m; sourceTree = "<group>"; };
		63C1731F225DDBA8001E72E7 /* RTMPCDemoTests.xctest */ = {isa = PBXFileReference; explicitFileType = wrapper.cfbundle; includeInIndex = 0; path = RTMPCDemoTests.xctest; sourceTree = BUILT_PRODUCTS_DIR; };
		63C17323225DDBA8001E72E7 /* RTMPCDemoTests.m */ = {isa = PBXFileReference; lastKnownFileType = sourcecode.c.objc; path = RTMPCDemoTests.m; sourceTree = "<group>"; };
		63C17325225DDBA8001E72E7 /* Info.plist */ = {isa = PBXFileReference; lastKnownFileType = text.plist.xml; path = Info.plist; sourceTree = "<group>"; };
		63C1732A225DDBA8001E72E7 /* RTMPCDemoUITests.xctest */ = {isa = PBXFileReference; explicitFileType = wrapper.cfbundle; includeInIndex = 0; path = RTMPCDemoUITests.xctest; sourceTree = BUILT_PRODUCTS_DIR; };
		63C1732E225DDBA8001E72E7 /* RTMPCDemoUITests.m */ = {isa = PBXFileReference; lastKnownFileType = sourcecode.c.objc; path = RTMPCDemoUITests.m; sourceTree = "<group>"; };
		63C17330225DDBA8001E72E7 /* Info.plist */ = {isa = PBXFileReference; lastKnownFileType = text.plist.xml; path = Info.plist; sourceTree = "<group>"; };
		63C17341225DDD02001E72E7 /* PrefixHeader.pch */ = {isa = PBXFileReference; lastKnownFileType = sourcecode.c.h; path = PrefixHeader.pch; sourceTree = "<group>"; };
		63C17347225DE339001E72E7 /* ArVideoHostController.h */ = {isa = PBXFileReference; lastKnownFileType = sourcecode.c.h; path = ArVideoHostController.h; sourceTree = "<group>"; };
		63C17348225DE339001E72E7 /* ArVideoHostController.m */ = {isa = PBXFileReference; lastKnownFileType = sourcecode.c.objc; path = ArVideoHostController.m; sourceTree = "<group>"; };
		63C1734A225DE34B001E72E7 /* ArVideoAudienceController.h */ = {isa = PBXFileReference; lastKnownFileType = sourcecode.c.h; path = ArVideoAudienceController.h; sourceTree = "<group>"; };
		63C1734B225DE34B001E72E7 /* ArVideoAudienceController.m */ = {isa = PBXFileReference; lastKnownFileType = sourcecode.c.objc; path = ArVideoAudienceController.m; sourceTree = "<group>"; };
		63C1734D225DE365001E72E7 /* ArAudioHostController.h */ = {isa = PBXFileReference; lastKnownFileType = sourcecode.c.h; path = ArAudioHostController.h; sourceTree = "<group>"; };
		63C1734E225DE365001E72E7 /* ArAudioHostController.m */ = {isa = PBXFileReference; lastKnownFileType = sourcecode.c.objc; path = ArAudioHostController.m; sourceTree = "<group>"; };
		63C17350225DE378001E72E7 /* ArAudioAudienceController.h */ = {isa = PBXFileReference; lastKnownFileType = sourcecode.c.h; path = ArAudioAudienceController.h; sourceTree = "<group>"; };
		63C17351225DE378001E72E7 /* ArAudioAudienceController.m */ = {isa = PBXFileReference; lastKnownFileType = sourcecode.c.objc; path = ArAudioAudienceController.m; sourceTree = "<group>"; };
		63C17353225DE3A7001E72E7 /* ArMainViewController.h */ = {isa = PBXFileReference; lastKnownFileType = sourcecode.c.h; path = ArMainViewController.h; sourceTree = "<group>"; };
		63C17354225DE3A7001E72E7 /* ArMainViewController.m */ = {isa = PBXFileReference; lastKnownFileType = sourcecode.c.objc; path = ArMainViewController.m; sourceTree = "<group>"; };
		835094172ED3A02B98EDA91C /* Pods-RTMPCDemo.debug.xcconfig */ = {isa = PBXFileReference; includeInIndex = 1; lastKnownFileType = text.xcconfig; name = "Pods-RTMPCDemo.debug.xcconfig"; path = "Target Support Files/Pods-RTMPCDemo/Pods-RTMPCDemo.debug.xcconfig"; sourceTree = "<group>"; };
		B252A9C9391A5E7A3B0BD454 /* Pods-RTMPCDemo.release.xcconfig */ = {isa = PBXFileReference; includeInIndex = 1; lastKnownFileType = text.xcconfig; name = "Pods-RTMPCDemo.release.xcconfig"; path = "Target Support Files/Pods-RTMPCDemo/Pods-RTMPCDemo.release.xcconfig"; sourceTree = "<group>"; };
		C73A5464D3482E66B39C240E /* libPods-RTMPCDemo.a */ = {isa = PBXFileReference; explicitFileType = archive.ar; includeInIndex = 0; path = "libPods-RTMPCDemo.a"; sourceTree = BUILT_PRODUCTS_DIR; };
/* End PBXFileReference section */

/* Begin PBXFrameworksBuildPhase section */
		63C17304225DDBA7001E72E7 /* Frameworks */ = {
			isa = PBXFrameworksBuildPhase;
			buildActionMask = 2147483647;
			files = (
				B057C727A3F9F81AD06FEC25 /* libPods-RTMPCDemo.a in Frameworks */,
			);
			runOnlyForDeploymentPostprocessing = 0;
		};
		63C1731C225DDBA8001E72E7 /* Frameworks */ = {
			isa = PBXFrameworksBuildPhase;
			buildActionMask = 2147483647;
			files = (
			);
			runOnlyForDeploymentPostprocessing = 0;
		};
		63C17327225DDBA8001E72E7 /* Frameworks */ = {
			isa = PBXFrameworksBuildPhase;
			buildActionMask = 2147483647;
			files = (
			);
			runOnlyForDeploymentPostprocessing = 0;
		};
/* End PBXFrameworksBuildPhase section */

/* Begin PBXGroup section */
		630CD4EB2265CA68008A13BE /* RealMic */ = {
			isa = PBXGroup;
			children = (
				63A467302266CFC1006AA045 /* ArRealMicCell.h */,
				63A467312266CFC1006AA045 /* ArRealMicCell.m */,
				630CD4EC2265CA89008A13BE /* ArRealMicModel.h */,
				630CD4ED2265CA89008A13BE /* ArRealMicModel.m */,
				630CD4EF2265D6E3008A13BE /* ArRealTimeMicController.h */,
				630CD4F02265D6E3008A13BE /* ArRealTimeMicController.m */,
			);
			path = RealMic;
			sourceTree = "<group>";
		};
		630E0B112269A16400F3081C /* View */ = {
			isa = PBXGroup;
			children = (
				630E5FD62264701E00819C05 /* ArMessageView.h */,
				630E5FD72264701E00819C05 /* ArMessageView.m */,
				630FC21C226585F300146913 /* ArVideoView.h */,
				630FC21D226585F300146913 /* ArVideoView.m */,
				63A4673922673857006AA045 /* ArAudioView.h */,
				63A4673A22673857006AA045 /* ArAudioView.m */,
			);
			path = View;
			sourceTree = "<group>";
		};
		630E4564225F4AF60095D54F /* Helper */ = {
			isa = PBXGroup;
			children = (
				630E4568225F52020095D54F /* ArCommon.h */,
				630E4569225F52020095D54F /* ArCommon.m */,
				630E4565225F4B0E0095D54F /* ArNetWorkTools.h */,
				630E4566225F4B0E0095D54F /* ArNetWorkTools.m */,
				6318F63522606F22007EF67E /* ArUserManager.h */,
				6318F63622606F22007EF67E /* ArUserManager.m */,
				630E5FDA22647E1700819C05 /* Category */,
			);
			path = Helper;
			sourceTree = "<group>";
		};
		630E5FD92264706C00819C05 /* Common */ = {
			isa = PBXGroup;
			children = (
				630E5FD3226433A100819C05 /* ArBaseViewController.h */,
				630E5FD4226433A100819C05 /* ArBaseViewController.m */,
				630E0B0E22699DA200F3081C /* UIImageView+Animation.h */,
				630E0B0F22699DA200F3081C /* UIImageView+Animation.m */,
				637C7F7022898342001D7361 /* ArLogView.h */,
				637C7F6F22898342001D7361 /* ArLogView.m */,
				630E0B112269A16400F3081C /* View */,
				630CD4EB2265CA68008A13BE /* RealMic */,
			);
			path = Common;
			sourceTree = "<group>";
		};
		630E5FDA22647E1700819C05 /* Category */ = {
			isa = PBXGroup;
			children = (
				630E5FDB22647E1700819C05 /* UIAlertController+Blocks.m */,
				630E5FDC22647E1700819C05 /* UIAlertController+Blocks.h */,
				63820E0D23975CC00088D38F /* UIViewController+PresentModel.h */,
				63820E0E23975CC00088D38F /* UIViewController+PresentModel.m */,
			);
			path = Category;
			sourceTree = "<group>";
		};
		63C172FE225DDBA7001E72E7 = {
			isa = PBXGroup;
			children = (
				63C17309225DDBA7001E72E7 /* RTMPCDemo */,
				63C17322225DDBA8001E72E7 /* RTMPCDemoTests */,
				63C1732D225DDBA8001E72E7 /* RTMPCDemoUITests */,
				63C17308225DDBA7001E72E7 /* Products */,
				74F012FE4557B9E194777DC2 /* Pods */,
				6B7388C2BF584A5B58132C2E /* Frameworks */,
			);
			sourceTree = "<group>";
		};
		63C17308225DDBA7001E72E7 /* Products */ = {
			isa = PBXGroup;
			children = (
				63C17307225DDBA7001E72E7 /* RTMPCDemo.app */,
				63C1731F225DDBA8001E72E7 /* RTMPCDemoTests.xctest */,
				63C1732A225DDBA8001E72E7 /* RTMPCDemoUITests.xctest */,
			);
			name = Products;
			sourceTree = "<group>";
		};
		63C17309225DDBA7001E72E7 /* RTMPCDemo */ = {
			isa = PBXGroup;
			children = (
				630E4564225F4AF60095D54F /* Helper */,
				63C17343225DDDF9001E72E7 /* Main */,
				63C17344225DE21B001E72E7 /* Room */,
				63C17342225DDDF3001E72E7 /* Base */,
				63C17310225DDBA7001E72E7 /* Main.storyboard */,
				63C17313225DDBA8001E72E7 /* Assets.xcassets */,
				63C17318225DDBA8001E72E7 /* Info.plist */,
				63C17319225DDBA8001E72E7 /* main.m */,
				63C17341225DDD02001E72E7 /* PrefixHeader.pch */,
			);
			path = RTMPCDemo;
			sourceTree = "<group>";
		};
		63C17322225DDBA8001E72E7 /* RTMPCDemoTests */ = {
			isa = PBXGroup;
			children = (
				63C17323225DDBA8001E72E7 /* RTMPCDemoTests.m */,
				63C17325225DDBA8001E72E7 /* Info.plist */,
			);
			path = RTMPCDemoTests;
			sourceTree = "<group>";
		};
		63C1732D225DDBA8001E72E7 /* RTMPCDemoUITests */ = {
			isa = PBXGroup;
			children = (
				63C1732E225DDBA8001E72E7 /* RTMPCDemoUITests.m */,
				63C17330225DDBA8001E72E7 /* Info.plist */,
			);
			path = RTMPCDemoUITests;
			sourceTree = "<group>";
		};
		63C17342225DDDF3001E72E7 /* Base */ = {
			isa = PBXGroup;
			children = (
				63C1730A225DDBA7001E72E7 /* AppDelegate.h */,
				63C1730B225DDBA7001E72E7 /* AppDelegate.m */,
			);
			path = Base;
			sourceTree = "<group>";
		};
		63C17343225DDDF9001E72E7 /* Main */ = {
			isa = PBXGroup;
			children = (
				63C17353225DE3A7001E72E7 /* ArMainViewController.h */,
				63C17354225DE3A7001E72E7 /* ArMainViewController.m */,
				630E4561225F230B0095D54F /* ArMainModel.h */,
				630E4562225F230B0095D54F /* ArMainModel.m */,
			);
			path = Main;
			sourceTree = "<group>";
		};
		63C17344225DE21B001E72E7 /* Room */ = {
			isa = PBXGroup;
			children = (
				63C17345225DE22C001E72E7 /* Video */,
				63C17346225DE237001E72E7 /* Audio */,
				630E5FD92264706C00819C05 /* Common */,
			);
			path = Room;
			sourceTree = "<group>";
		};
		63C17345225DE22C001E72E7 /* Video */ = {
			isa = PBXGroup;
			children = (
				63C17347225DE339001E72E7 /* ArVideoHostController.h */,
				63C17348225DE339001E72E7 /* ArVideoHostController.m */,
				63C1734A225DE34B001E72E7 /* ArVideoAudienceController.h */,
				63C1734B225DE34B001E72E7 /* ArVideoAudienceController.m */,
			);
			path = Video;
			sourceTree = "<group>";
		};
		63C17346225DE237001E72E7 /* Audio */ = {
			isa = PBXGroup;
			children = (
				63C1734D225DE365001E72E7 /* ArAudioHostController.h */,
				63C1734E225DE365001E72E7 /* ArAudioHostController.m */,
				63C17350225DE378001E72E7 /* ArAudioAudienceController.h */,
				63C17351225DE378001E72E7 /* ArAudioAudienceController.m */,
			);
			path = Audio;
			sourceTree = "<group>";
		};
		6B7388C2BF584A5B58132C2E /* Frameworks */ = {
			isa = PBXGroup;
			children = (
				C73A5464D3482E66B39C240E /* libPods-RTMPCDemo.a */,
			);
			name = Frameworks;
			sourceTree = "<group>";
		};
		74F012FE4557B9E194777DC2 /* Pods */ = {
			isa = PBXGroup;
			children = (
				835094172ED3A02B98EDA91C /* Pods-RTMPCDemo.debug.xcconfig */,
				B252A9C9391A5E7A3B0BD454 /* Pods-RTMPCDemo.release.xcconfig */,
			);
			path = Pods;
			sourceTree = "<group>";
		};
/* End PBXGroup section */

/* Begin PBXNativeTarget section */
		63C17306225DDBA7001E72E7 /* RTMPCDemo */ = {
			isa = PBXNativeTarget;
			buildConfigurationList = 63C17333225DDBA8001E72E7 /* Build configuration list for PBXNativeTarget "RTMPCDemo" */;
			buildPhases = (
				7E61C95BDAF94B85B80603D0 /* [CP] Check Pods Manifest.lock */,
				63C17303225DDBA7001E72E7 /* Sources */,
				63C17304225DDBA7001E72E7 /* Frameworks */,
				63C17305225DDBA7001E72E7 /* Resources */,
				63C17340225DDCE3001E72E7 /* Embed Frameworks */,
				0C520A395B06359C01933080 /* [CP] Copy Pods Resources */,
				A009F4BA29035DD7C2514083 /* [CP] Embed Pods Frameworks */,
			);
			buildRules = (
			);
			dependencies = (
			);
			name = RTMPCDemo;
			productName = RTMPCDemo;
			productReference = 63C17307225DDBA7001E72E7 /* RTMPCDemo.app */;
			productType = "com.apple.product-type.application";
		};
		63C1731E225DDBA8001E72E7 /* RTMPCDemoTests */ = {
			isa = PBXNativeTarget;
			buildConfigurationList = 63C17336225DDBA8001E72E7 /* Build configuration list for PBXNativeTarget "RTMPCDemoTests" */;
			buildPhases = (
				63C1731B225DDBA8001E72E7 /* Sources */,
				63C1731C225DDBA8001E72E7 /* Frameworks */,
				63C1731D225DDBA8001E72E7 /* Resources */,
			);
			buildRules = (
			);
			dependencies = (
				63C17321225DDBA8001E72E7 /* PBXTargetDependency */,
			);
			name = RTMPCDemoTests;
			productName = RTMPCDemoTests;
			productReference = 63C1731F225DDBA8001E72E7 /* RTMPCDemoTests.xctest */;
			productType = "com.apple.product-type.bundle.unit-test";
		};
		63C17329225DDBA8001E72E7 /* RTMPCDemoUITests */ = {
			isa = PBXNativeTarget;
			buildConfigurationList = 63C17339225DDBA8001E72E7 /* Build configuration list for PBXNativeTarget "RTMPCDemoUITests" */;
			buildPhases = (
				63C17326225DDBA8001E72E7 /* Sources */,
				63C17327225DDBA8001E72E7 /* Frameworks */,
				63C17328225DDBA8001E72E7 /* Resources */,
			);
			buildRules = (
			);
			dependencies = (
				63C1732C225DDBA8001E72E7 /* PBXTargetDependency */,
			);
			name = RTMPCDemoUITests;
			productName = RTMPCDemoUITests;
			productReference = 63C1732A225DDBA8001E72E7 /* RTMPCDemoUITests.xctest */;
			productType = "com.apple.product-type.bundle.ui-testing";
		};
/* End PBXNativeTarget section */

/* Begin PBXProject section */
		63C172FF225DDBA7001E72E7 /* Project object */ = {
			isa = PBXProject;
			attributes = {
				LastUpgradeCheck = 1010;
				ORGANIZATIONNAME = anyRTC;
				TargetAttributes = {
					63C17306225DDBA7001E72E7 = {
						CreatedOnToolsVersion = 10.1;
						SystemCapabilities = {
							com.apple.BackgroundModes = {
								enabled = 1;
							};
						};
					};
					63C1731E225DDBA8001E72E7 = {
						CreatedOnToolsVersion = 10.1;
						TestTargetID = 63C17306225DDBA7001E72E7;
					};
					63C17329225DDBA8001E72E7 = {
						CreatedOnToolsVersion = 10.1;
						TestTargetID = 63C17306225DDBA7001E72E7;
					};
				};
			};
			buildConfigurationList = 63C17302225DDBA7001E72E7 /* Build configuration list for PBXProject "RTMPCDemo" */;
			compatibilityVersion = "Xcode 9.3";
			developmentRegion = en;
			hasScannedForEncodings = 0;
			knownRegions = (
				en,
				Base,
			);
			mainGroup = 63C172FE225DDBA7001E72E7;
			productRefGroup = 63C17308225DDBA7001E72E7 /* Products */;
			projectDirPath = "";
			projectRoot = "";
			targets = (
				63C17306225DDBA7001E72E7 /* RTMPCDemo */,
				63C1731E225DDBA8001E72E7 /* RTMPCDemoTests */,
				63C17329225DDBA8001E72E7 /* RTMPCDemoUITests */,
			);
		};
/* End PBXProject section */

/* Begin PBXResourcesBuildPhase section */
		63C17305225DDBA7001E72E7 /* Resources */ = {
			isa = PBXResourcesBuildPhase;
			buildActionMask = 2147483647;
			files = (
				63C17314225DDBA8001E72E7 /* Assets.xcassets in Resources */,
				63C17312225DDBA7001E72E7 /* Main.storyboard in Resources */,
			);
			runOnlyForDeploymentPostprocessing = 0;
		};
		63C1731D225DDBA8001E72E7 /* Resources */ = {
			isa = PBXResourcesBuildPhase;
			buildActionMask = 2147483647;
			files = (
			);
			runOnlyForDeploymentPostprocessing = 0;
		};
		63C17328225DDBA8001E72E7 /* Resources */ = {
			isa = PBXResourcesBuildPhase;
			buildActionMask = 2147483647;
			files = (
			);
			runOnlyForDeploymentPostprocessing = 0;
		};
/* End PBXResourcesBuildPhase section */

/* Begin PBXShellScriptBuildPhase section */
		0C520A395B06359C01933080 /* [CP] Copy Pods Resources */ = {
			isa = PBXShellScriptBuildPhase;
			buildActionMask = 2147483647;
			files = (
			);
			inputFileListPaths = (
				"${PODS_ROOT}/Target Support Files/Pods-RTMPCDemo/Pods-RTMPCDemo-resources-${CONFIGURATION}-input-files.xcfilelist",
			);
			name = "[CP] Copy Pods Resources";
			outputFileListPaths = (
				"${PODS_ROOT}/Target Support Files/Pods-RTMPCDemo/Pods-RTMPCDemo-resources-${CONFIGURATION}-output-files.xcfilelist",
			);
			runOnlyForDeploymentPostprocessing = 0;
			shellPath = /bin/sh;
			shellScript = "\"${PODS_ROOT}/Target Support Files/Pods-RTMPCDemo/Pods-RTMPCDemo-resources.sh\"\n";
			showEnvVarsInLog = 0;
		};
		7E61C95BDAF94B85B80603D0 /* [CP] Check Pods Manifest.lock */ = {
			isa = PBXShellScriptBuildPhase;
			buildActionMask = 2147483647;
			files = (
			);
			inputFileListPaths = (
			);
			inputPaths = (
				"${PODS_PODFILE_DIR_PATH}/Podfile.lock",
				"${PODS_ROOT}/Manifest.lock",
			);
			name = "[CP] Check Pods Manifest.lock";
			outputFileListPaths = (
			);
			outputPaths = (
				"$(DERIVED_FILE_DIR)/Pods-RTMPCDemo-checkManifestLockResult.txt",
			);
			runOnlyForDeploymentPostprocessing = 0;
			shellPath = /bin/sh;
			shellScript = "diff \"${PODS_PODFILE_DIR_PATH}/Podfile.lock\" \"${PODS_ROOT}/Manifest.lock\" > /dev/null\nif [ $? != 0 ] ; then\n    # print error to STDERR\n    echo \"error: The sandbox is not in sync with the Podfile.lock. Run 'pod install' or update your CocoaPods installation.\" >&2\n    exit 1\nfi\n# This output is used by Xcode 'outputs' to avoid re-running this script phase.\necho \"SUCCESS\" > \"${SCRIPT_OUTPUT_FILE_0}\"\n";
			showEnvVarsInLog = 0;
		};
		A009F4BA29035DD7C2514083 /* [CP] Embed Pods Frameworks */ = {
			isa = PBXShellScriptBuildPhase;
			buildActionMask = 2147483647;
			files = (
			);
			inputFileListPaths = (
				"${PODS_ROOT}/Target Support Files/Pods-RTMPCDemo/Pods-RTMPCDemo-frameworks-${CONFIGURATION}-input-files.xcfilelist",
			);
			name = "[CP] Embed Pods Frameworks";
			outputFileListPaths = (
				"${PODS_ROOT}/Target Support Files/Pods-RTMPCDemo/Pods-RTMPCDemo-frameworks-${CONFIGURATION}-output-files.xcfilelist",
			);
			runOnlyForDeploymentPostprocessing = 0;
			shellPath = /bin/sh;
			shellScript = "\"${PODS_ROOT}/Target Support Files/Pods-RTMPCDemo/Pods-RTMPCDemo-frameworks.sh\"\n";
			showEnvVarsInLog = 0;
		};
/* End PBXShellScriptBuildPhase section */

/* Begin PBXSourcesBuildPhase section */
		63C17303225DDBA7001E72E7 /* Sources */ = {
			isa = PBXSourcesBuildPhase;
			buildActionMask = 2147483647;
			files = (
				630E5FDD22647E1700819C05 /* UIAlertController+Blocks.m in Sources */,
				630E5FD82264701E00819C05 /* ArMessageView.m in Sources */,
				630E4567225F4B0E0095D54F /* ArNetWorkTools.m in Sources */,
				630E4563225F230B0095D54F /* ArMainModel.m in Sources */,
				63A467322266CFC1006AA045 /* ArRealMicCell.m in Sources */,
				63C17355225DE3A7001E72E7 /* ArMainViewController.m in Sources */,
				63C1731A225DDBA8001E72E7 /* main.m in Sources */,
				6318F63722606F22007EF67E /* ArUserManager.m in Sources */,
				63C1734C225DE34B001E72E7 /* ArVideoAudienceController.m in Sources */,
				630E5FD5226433A100819C05 /* ArBaseViewController.m in Sources */,
				63C17352225DE378001E72E7 /* ArAudioAudienceController.m in Sources */,
				63A4673B22673857006AA045 /* ArAudioView.m in Sources */,
				63C17349225DE339001E72E7 /* ArVideoHostController.m in Sources */,
				630E456A225F52020095D54F /* ArCommon.m in Sources */,
				630CD4EE2265CA89008A13BE /* ArRealMicModel.m in Sources */,
				637C7F7122898342001D7361 /* ArLogView.m in Sources */,
				63C1730C225DDBA7001E72E7 /* AppDelegate.m in Sources */,
				630CD4F12265D6E3008A13BE /* ArRealTimeMicController.m in Sources */,
				630E0B1022699DA200F3081C /* UIImageView+Animation.m in Sources */,
				63C1734F225DE365001E72E7 /* ArAudioHostController.m in Sources */,
				63820E0F23975CC00088D38F /* UIViewController+PresentModel.m in Sources */,
				630FC21E226585F300146913 /* ArVideoView.m in Sources */,
			);
			runOnlyForDeploymentPostprocessing = 0;
		};
		63C1731B225DDBA8001E72E7 /* Sources */ = {
			isa = PBXSourcesBuildPhase;
			buildActionMask = 2147483647;
			files = (
				63C17324225DDBA8001E72E7 /* RTMPCDemoTests.m in Sources */,
			);
			runOnlyForDeploymentPostprocessing = 0;
		};
		63C17326225DDBA8001E72E7 /* Sources */ = {
			isa = PBXSourcesBuildPhase;
			buildActionMask = 2147483647;
			files = (
				63C1732F225DDBA8001E72E7 /* RTMPCDemoUITests.m in Sources */,
			);
			runOnlyForDeploymentPostprocessing = 0;
		};
/* End PBXSourcesBuildPhase section */

/* Begin PBXTargetDependency section */
		63C17321225DDBA8001E72E7 /* PBXTargetDependency */ = {
			isa = PBXTargetDependency;
			target = 63C17306225DDBA7001E72E7 /* RTMPCDemo */;
			targetProxy = 63C17320225DDBA8001E72E7 /* PBXContainerItemProxy */;
		};
		63C1732C225DDBA8001E72E7 /* PBXTargetDependency */ = {
			isa = PBXTargetDependency;
			target = 63C17306225DDBA7001E72E7 /* RTMPCDemo */;
			targetProxy = 63C1732B225DDBA8001E72E7 /* PBXContainerItemProxy */;
		};
/* End PBXTargetDependency section */

/* Begin PBXVariantGroup section */
		63C17310225DDBA7001E72E7 /* Main.storyboard */ = {
			isa = PBXVariantGroup;
			children = (
				63C17311225DDBA7001E72E7 /* Base */,
			);
			name = Main.storyboard;
			sourceTree = "<group>";
		};
/* End PBXVariantGroup section */

/* Begin XCBuildConfiguration section */
		63C17331225DDBA8001E72E7 /* Debug */ = {
			isa = XCBuildConfiguration;
			buildSettings = {
				ALWAYS_SEARCH_USER_PATHS = NO;
				CLANG_ANALYZER_NONNULL = YES;
				CLANG_ANALYZER_NUMBER_OBJECT_CONVERSION = YES_AGGRESSIVE;
				CLANG_CXX_LANGUAGE_STANDARD = "gnu++14";
				CLANG_CXX_LIBRARY = "libc++";
				CLANG_ENABLE_MODULES = YES;
				CLANG_ENABLE_OBJC_ARC = YES;
				CLANG_ENABLE_OBJC_WEAK = YES;
				CLANG_WARN_BLOCK_CAPTURE_AUTORELEASING = YES;
				CLANG_WARN_BOOL_CONVERSION = YES;
				CLANG_WARN_COMMA = YES;
				CLANG_WARN_CONSTANT_CONVERSION = YES;
				CLANG_WARN_DEPRECATED_OBJC_IMPLEMENTATIONS = YES;
				CLANG_WARN_DIRECT_OBJC_ISA_USAGE = YES_ERROR;
				CLANG_WARN_DOCUMENTATION_COMMENTS = YES;
				CLANG_WARN_EMPTY_BODY = YES;
				CLANG_WARN_ENUM_CONVERSION = YES;
				CLANG_WARN_INFINITE_RECURSION = YES;
				CLANG_WARN_INT_CONVERSION = YES;
				CLANG_WARN_NON_LITERAL_NULL_CONVERSION = YES;
				CLANG_WARN_OBJC_IMPLICIT_RETAIN_SELF = YES;
				CLANG_WARN_OBJC_LITERAL_CONVERSION = YES;
				CLANG_WARN_OBJC_ROOT_CLASS = YES_ERROR;
				CLANG_WARN_RANGE_LOOP_ANALYSIS = YES;
				CLANG_WARN_STRICT_PROTOTYPES = YES;
				CLANG_WARN_SUSPICIOUS_MOVE = YES;
				CLANG_WARN_UNGUARDED_AVAILABILITY = YES_AGGRESSIVE;
				CLANG_WARN_UNREACHABLE_CODE = YES;
				CLANG_WARN__DUPLICATE_METHOD_MATCH = YES;
				CODE_SIGN_IDENTITY = "iPhone Developer";
				COPY_PHASE_STRIP = NO;
				DEBUG_INFORMATION_FORMAT = dwarf;
				ENABLE_STRICT_OBJC_MSGSEND = YES;
				ENABLE_TESTABILITY = YES;
				GCC_C_LANGUAGE_STANDARD = gnu11;
				GCC_DYNAMIC_NO_PIC = NO;
				GCC_NO_COMMON_BLOCKS = YES;
				GCC_OPTIMIZATION_LEVEL = 0;
				GCC_PREPROCESSOR_DEFINITIONS = (
					"DEBUG=1",
					"$(inherited)",
				);
				GCC_WARN_64_TO_32_BIT_CONVERSION = YES;
				GCC_WARN_ABOUT_RETURN_TYPE = YES_ERROR;
				GCC_WARN_UNDECLARED_SELECTOR = YES;
				GCC_WARN_UNINITIALIZED_AUTOS = YES_AGGRESSIVE;
				GCC_WARN_UNUSED_FUNCTION = YES;
				GCC_WARN_UNUSED_VARIABLE = YES;
				IPHONEOS_DEPLOYMENT_TARGET = 12.1;
				MTL_ENABLE_DEBUG_INFO = INCLUDE_SOURCE;
				MTL_FAST_MATH = YES;
				ONLY_ACTIVE_ARCH = YES;
				SDKROOT = iphoneos;
			};
			name = Debug;
		};
		63C17332225DDBA8001E72E7 /* Release */ = {
			isa = XCBuildConfiguration;
			buildSettings = {
				ALWAYS_SEARCH_USER_PATHS = NO;
				CLANG_ANALYZER_NONNULL = YES;
				CLANG_ANALYZER_NUMBER_OBJECT_CONVERSION = YES_AGGRESSIVE;
				CLANG_CXX_LANGUAGE_STANDARD = "gnu++14";
				CLANG_CXX_LIBRARY = "libc++";
				CLANG_ENABLE_MODULES = YES;
				CLANG_ENABLE_OBJC_ARC = YES;
				CLANG_ENABLE_OBJC_WEAK = YES;
				CLANG_WARN_BLOCK_CAPTURE_AUTORELEASING = YES;
				CLANG_WARN_BOOL_CONVERSION = YES;
				CLANG_WARN_COMMA = YES;
				CLANG_WARN_CONSTANT_CONVERSION = YES;
				CLANG_WARN_DEPRECATED_OBJC_IMPLEMENTATIONS = YES;
				CLANG_WARN_DIRECT_OBJC_ISA_USAGE = YES_ERROR;
				CLANG_WARN_DOCUMENTATION_COMMENTS = YES;
				CLANG_WARN_EMPTY_BODY = YES;
				CLANG_WARN_ENUM_CONVERSION = YES;
				CLANG_WARN_INFINITE_RECURSION = YES;
				CLANG_WARN_INT_CONVERSION = YES;
				CLANG_WARN_NON_LITERAL_NULL_CONVERSION = YES;
				CLANG_WARN_OBJC_IMPLICIT_RETAIN_SELF = YES;
				CLANG_WARN_OBJC_LITERAL_CONVERSION = YES;
				CLANG_WARN_OBJC_ROOT_CLASS = YES_ERROR;
				CLANG_WARN_RANGE_LOOP_ANALYSIS = YES;
				CLANG_WARN_STRICT_PROTOTYPES = YES;
				CLANG_WARN_SUSPICIOUS_MOVE = YES;
				CLANG_WARN_UNGUARDED_AVAILABILITY = YES_AGGRESSIVE;
				CLANG_WARN_UNREACHABLE_CODE = YES;
				CLANG_WARN__DUPLICATE_METHOD_MATCH = YES;
				CODE_SIGN_IDENTITY = "iPhone Developer";
				COPY_PHASE_STRIP = NO;
				DEBUG_INFORMATION_FORMAT = "dwarf-with-dsym";
				ENABLE_NS_ASSERTIONS = NO;
				ENABLE_STRICT_OBJC_MSGSEND = YES;
				GCC_C_LANGUAGE_STANDARD = gnu11;
				GCC_NO_COMMON_BLOCKS = YES;
				GCC_WARN_64_TO_32_BIT_CONVERSION = YES;
				GCC_WARN_ABOUT_RETURN_TYPE = YES_ERROR;
				GCC_WARN_UNDECLARED_SELECTOR = YES;
				GCC_WARN_UNINITIALIZED_AUTOS = YES_AGGRESSIVE;
				GCC_WARN_UNUSED_FUNCTION = YES;
				GCC_WARN_UNUSED_VARIABLE = YES;
				IPHONEOS_DEPLOYMENT_TARGET = 12.1;
				MTL_ENABLE_DEBUG_INFO = NO;
				MTL_FAST_MATH = YES;
				SDKROOT = iphoneos;
				VALIDATE_PRODUCT = YES;
			};
			name = Release;
		};
		63C17334225DDBA8001E72E7 /* Debug */ = {
			isa = XCBuildConfiguration;
			baseConfigurationReference = 835094172ED3A02B98EDA91C /* Pods-RTMPCDemo.debug.xcconfig */;
			buildSettings = {
				ASSETCATALOG_COMPILER_APPICON_NAME = AppIcon;
				ASSETCATALOG_COMPILER_LAUNCHIMAGE_NAME = LaunchImage;
				CODE_SIGN_IDENTITY = "Apple Development";
				CODE_SIGN_STYLE = Automatic;
				DEVELOPMENT_TEAM = 5543CP4MRT;
				FRAMEWORK_SEARCH_PATHS = (
					"$(inherited)",
					"$(PROJECT_DIR)/RTMPCDemo",
				);
				GCC_PREFIX_HEADER = "$(SRCROOT)/$(PROJECT_NAME)/PrefixHeader.pch";
				INFOPLIST_FILE = RTMPCDemo/Info.plist;
				IPHONEOS_DEPLOYMENT_TARGET = 9.0;
				LD_RUNPATH_SEARCH_PATHS = (
					"$(inherited)",
					"@executable_path/Frameworks",
				);
				PRODUCT_BUNDLE_IDENTIFIER = com.ar.RTMPCDemo;
				PRODUCT_NAME = "$(TARGET_NAME)";
				PROVISIONING_PROFILE_SPECIFIER = "";
				TARGETED_DEVICE_FAMILY = 1;
			};
			name = Debug;
		};
		63C17335225DDBA8001E72E7 /* Release */ = {
			isa = XCBuildConfiguration;
			baseConfigurationReference = B252A9C9391A5E7A3B0BD454 /* Pods-RTMPCDemo.release.xcconfig */;
			buildSettings = {
				ASSETCATALOG_COMPILER_APPICON_NAME = AppIcon;
				ASSETCATALOG_COMPILER_LAUNCHIMAGE_NAME = LaunchImage;
				CODE_SIGN_IDENTITY = "Apple Development";
				CODE_SIGN_STYLE = Automatic;
				DEVELOPMENT_TEAM = 5543CP4MRT;
				FRAMEWORK_SEARCH_PATHS = (
					"$(inherited)",
					"$(PROJECT_DIR)/RTMPCDemo",
				);
				GCC_PREFIX_HEADER = "$(SRCROOT)/$(PROJECT_NAME)/PrefixHeader.pch";
				INFOPLIST_FILE = RTMPCDemo/Info.plist;
				IPHONEOS_DEPLOYMENT_TARGET = 9.0;
				LD_RUNPATH_SEARCH_PATHS = (
					"$(inherited)",
					"@executable_path/Frameworks",
				);
				PRODUCT_BUNDLE_IDENTIFIER = com.ar.RTMPCDemo;
				PRODUCT_NAME = "$(TARGET_NAME)";
				PROVISIONING_PROFILE_SPECIFIER = "";
				TARGETED_DEVICE_FAMILY = 1;
			};
			name = Release;
		};
		63C17337225DDBA8001E72E7 /* Debug */ = {
			isa = XCBuildConfiguration;
			buildSettings = {
				BUNDLE_LOADER = "$(TEST_HOST)";
				CODE_SIGN_STYLE = Automatic;
				DEVELOPMENT_TEAM = 5543CP4MRT;
				INFOPLIST_FILE = RTMPCDemoTests/Info.plist;
				LD_RUNPATH_SEARCH_PATHS = (
					"$(inherited)",
					"@executable_path/Frameworks",
					"@loader_path/Frameworks",
				);
				PRODUCT_BUNDLE_IDENTIFIER = com.ar.RTMPCDemoTests;
				PRODUCT_NAME = "$(TARGET_NAME)";
				TARGETED_DEVICE_FAMILY = "1,2";
				TEST_HOST = "$(BUILT_PRODUCTS_DIR)/RTMPCDemo.app/RTMPCDemo";
			};
			name = Debug;
		};
		63C17338225DDBA8001E72E7 /* Release */ = {
			isa = XCBuildConfiguration;
			buildSettings = {
				BUNDLE_LOADER = "$(TEST_HOST)";
				CODE_SIGN_STYLE = Automatic;
				DEVELOPMENT_TEAM = 5543CP4MRT;
				INFOPLIST_FILE = RTMPCDemoTests/Info.plist;
				LD_RUNPATH_SEARCH_PATHS = (
					"$(inherited)",
					"@executable_path/Frameworks",
					"@loader_path/Frameworks",
				);
				PRODUCT_BUNDLE_IDENTIFIER = com.ar.RTMPCDemoTests;
				PRODUCT_NAME = "$(TARGET_NAME)";
				TARGETED_DEVICE_FAMILY = "1,2";
				TEST_HOST = "$(BUILT_PRODUCTS_DIR)/RTMPCDemo.app/RTMPCDemo";
			};
			name = Release;
		};
		63C1733A225DDBA8001E72E7 /* Debug */ = {
			isa = XCBuildConfiguration;
			buildSettings = {
				CODE_SIGN_STYLE = Automatic;
				DEVELOPMENT_TEAM = 5543CP4MRT;
				INFOPLIST_FILE = RTMPCDemoUITests/Info.plist;
				LD_RUNPATH_SEARCH_PATHS = (
					"$(inherited)",
					"@executable_path/Frameworks",
					"@loader_path/Frameworks",
				);
				PRODUCT_BUNDLE_IDENTIFIER = com.ar.RTMPCDemoUITests;
				PRODUCT_NAME = "$(TARGET_NAME)";
				TARGETED_DEVICE_FAMILY = "1,2";
				TEST_TARGET_NAME = RTMPCDemo;
			};
			name = Debug;
		};
		63C1733B225DDBA8001E72E7 /* Release */ = {
			isa = XCBuildConfiguration;
			buildSettings = {
				CODE_SIGN_STYLE = Automatic;
				DEVELOPMENT_TEAM = 5543CP4MRT;
				INFOPLIST_FILE = RTMPCDemoUITests/Info.plist;
				LD_RUNPATH_SEARCH_PATHS = (
					"$(inherited)",
					"@executable_path/Frameworks",
					"@loader_path/Frameworks",
				);
				PRODUCT_BUNDLE_IDENTIFIER = com.ar.RTMPCDemoUITests;
				PRODUCT_NAME = "$(TARGET_NAME)";
				TARGETED_DEVICE_FAMILY = "1,2";
				TEST_TARGET_NAME = RTMPCDemo;
			};
			name = Release;
		};
/* End XCBuildConfiguration section */

/* Begin XCConfigurationList section */
		63C17302225DDBA7001E72E7 /* Build configuration list for PBXProject "RTMPCDemo" */ = {
			isa = XCConfigurationList;
			buildConfigurations = (
				63C17331225DDBA8001E72E7 /* Debug */,
				63C17332225DDBA8001E72E7 /* Release */,
			);
			defaultConfigurationIsVisible = 0;
			defaultConfigurationName = Release;
		};
		63C17333225DDBA8001E72E7 /* Build configuration list for PBXNativeTarget "RTMPCDemo" */ = {
			isa = XCConfigurationList;
			buildConfigurations = (
				63C17334225DDBA8001E72E7 /* Debug */,
				63C17335225DDBA8001E72E7 /* Release */,
			);
			defaultConfigurationIsVisible = 0;
			defaultConfigurationName = Release;
		};
		63C17336225DDBA8001E72E7 /* Build configuration list for PBXNativeTarget "RTMPCDemoTests" */ = {
			isa = XCConfigurationList;
			buildConfigurations = (
				63C17337225DDBA8001E72E7 /* Debug */,
				63C17338225DDBA8001E72E7 /* Release */,
			);
			defaultConfigurationIsVisible = 0;
			defaultConfigurationName = Release;
		};
		63C17339225DDBA8001E72E7 /* Build configuration list for PBXNativeTarget "RTMPCDemoUITests" */ = {
			isa = XCConfigurationList;
			buildConfigurations = (
				63C1733A225DDBA8001E72E7 /* Debug */,
				63C1733B225DDBA8001E72E7 /* Release */,
			);
			defaultConfigurationIsVisible = 0;
			defaultConfigurationName = Release;
		};
/* End XCConfigurationList section */
	};
	rootObject = 63C172FF225DDBA7001E72E7 /* Project object */;
}
