PODS:
  - AFNetworking (3.2.1):
    - AFNetworking/NSURLSession (= 3.2.1)
    - AFNetworking/Reachability (= 3.2.1)
    - AFNetworking/Security (= 3.2.1)
    - AFNetworking/Serialization (= 3.2.1)
    - AFNetworking/UIKit (= 3.2.1)
  - AFNetworking/NSURLSession (3.2.1):
    - AFNetworking/Reachability
    - AFNetworking/Security
    - AFNetworking/Serialization
  - AFNetworking/Reachability (3.2.1)
  - AFNetworking/Security (3.2.1)
  - AFNetworking/Serialization (3.2.1)
  - AFNetworking/UIKit (3.2.1):
    - AFNetworking/NSURLSession
  - Bugly (2.5.0)
  - Masonry (1.1.0)
  - MJExtension (3.0.16)
  - RTMPCHybirdEngine (3.0.0)
  - SVProgressHUD (2.2.5)

DEPENDENCIES:
  - AFNetworking
  - Bugly
  - Masonry
  - MJExtension
  - RTMPCHybirdEngine (~> 3.0.0)
  - SVProgressHUD (~> 2.2.5)

SPEC REPOS:
  https://github.com/cocoapods/specs.git:
    - AFNetworking
    - Bugly
    - Masonry
    - MJExtension
    - RTMPCHybirdEngine
    - SVProgressHUD

SPEC CHECKSUMS:
  AFNetworking: b6f891fdfaed196b46c7a83cf209e09697b94057
  Bugly: 3ca9f255c01025582df26f9222893b383c7e4b4e
  Masonry: 678fab65091a9290e40e2832a55e7ab731aad201
  MJExtension: 54dbbf6ee728f1a88e9aad904353d007831c7847
  RTMPCHybirdEngine: c4fbc603224bc35699f52764ed90d737261d5425
  SVProgressHUD: 1428aafac632c1f86f62aa4243ec12008d7a51d6

PODFILE CHECKSUM: 6485b77402d3f947aa8418efd34b6795c61b7fa9

COCOAPODS: 1.6.1
