PODS:
  - AFNetworking (3.2.1):
    - AFNetworking/NSURLSession (= 3.2.1)
    - AFNetworking/Reachability (= 3.2.1)
    - AFNetworking/Security (= 3.2.1)
    - AFNetworking/Serialization (= 3.2.1)
    - AFNetworking/UIKit (= 3.2.1)
  - AFNetworking/NSURLSession (3.2.1):
    - AFNetworking/Reachability
    - AFNetworking/Security
    - AFNetworking/Serialization
  - AFNetworking/Reachability (3.2.1)
  - AFNetworking/Security (3.2.1)
  - AFNetworking/Serialization (3.2.1)
  - AFNetworking/UIKit (3.2.1):
    - AFNetworking/NSURLSession
  - BarrageRenderer (2.1.0)
  - Bugly (2.5.0)
  - Masonry (1.1.0)
  - MJExtension (3.0.13)
  - MJRefresh (3.1.15.3)
  - RTMPCHybirdEngine (2.1.5)
  - XHToast (1.4.0)

DEPENDENCIES:
  - AFNetworking
  - BarrageRenderer
  - Bugly
  - Masonry
  - MJExtension
  - MJRefresh
  - RTMPCHybirdEngine (~> 2.1.5)
  - XHToast (~> 1.4.0)

SPEC REPOS:
  https://github.com/CocoaPods/Specs.git:
    - AFNetworking
    - BarrageRenderer
    - Bugly
    - Masonry
    - MJExtension
    - MJRefresh
    - RTMPCHybirdEngine
    - XHToast

SPEC CHECKSUMS:
  AFNetworking: b6f891fdfaed196b46c7a83cf209e09697b94057
  BarrageRenderer: 00e5f8081d81f29c1fc12712ddf2f875bd9c6f77
  Bugly: 3ca9f255c01025582df26f9222893b383c7e4b4e
  Masonry: 678fab65091a9290e40e2832a55e7ab731aad201
  MJExtension: 5932755f451458eefa24239358817f8d291240c7
  MJRefresh: b48380ae2b927b46c4ef000de9adb8dc748e1df7
  RTMPCHybirdEngine: 5f50dec6a19bf8cc8476fae798af218bf1bdfb7a
  XHToast: 3b354766d56d9df8fef8e64387bbd25c90d71a86

PODFILE CHECKSUM: c4548044bc0a7b54cf32bf1b92adda6a2f348843

COCOAPODS: 1.5.0
